
Microsoft Visual Studio Solution File, Format Version 12.00
# Visual Studio 14
VisualStudioVersion = 14.0.23107.0
MinimumVisualStudioVersion = 10.0.40219.1
Project("{FAE04EC0-301F-11D3-BF4B-00C04F79EFBC}") = "DevelopersWin.VoteReporter.Application", "DevelopersWin.VoteReporter.Application\DevelopersWin.VoteReporter.Application.csproj", "{5A90A124-22CF-4A87-BC4D-DACD189FE06E}"
EndProject
Project("{FAE04EC0-301F-11D3-BF4B-00C04F79EFBC}") = "DevelopersWin.VoteReporter", "DevelopersWin.VoteReporter\DevelopersWin.VoteReporter.csproj", "{AE7C3390-95D0-4558-B992-F7EF3FAE89DA}"
EndProject
Project("{2150E333-8FDC-42A3-9474-1A3956D46DE8}") = ".Framework", ".Framework", "{20BC8DE8-EFFE-42C2-A22B-A68D7C6B2CB2}"
EndProject
Project("{FAE04EC0-301F-11D3-BF4B-00C04F79EFBC}") = "DevelopersWin.VoteReporter.Testing", "DevelopersWin.VoteReporter.Testing\DevelopersWin.VoteReporter.Testing.csproj", "{2341CB8E-96D5-42FD-AE8F-FFC4E4803071}"
EndProject
Project("{FAE04EC0-301F-11D3-BF4B-00C04F79EFBC}") = "DevelopersWin.VoteReporter.Configuration.Development", "DevelopersWin.VoteReporter.Configuration.Development\DevelopersWin.VoteReporter.Configuration.Development.csproj", "{C28B714B-07F5-4193-92DF-3BEA93D938C9}"
EndProject
Project("{FAE04EC0-301F-11D3-BF4B-00C04F79EFBC}") = "DevelopersWin.VoteReporter.Configuration", "DevelopersWin.VoteReporter.Configuration\DevelopersWin.VoteReporter.Configuration.csproj", "{304A81C9-3B30-448F-9AB6-EF7355311FFB}"
EndProject
Project("{FAE04EC0-301F-11D3-BF4B-00C04F79EFBC}") = "DevelopersWin.VoteReporter.Configuration.Common", "DevelopersWin.VoteReporter.Configuration.Common\DevelopersWin.VoteReporter.Configuration.Common.csproj", "{1F72AB3C-9F4B-4AD8-8A3F-9CEBC1C336C2}"
EndProject
Project("{2150E333-8FDC-42A3-9474-1A3956D46DE8}") = "Configuration", "Configuration", "{A39BEAEC-8A6B-4F8C-905E-C030FEDA4E5D}"
EndProject
Project("{FAE04EC0-301F-11D3-BF4B-00C04F79EFBC}") = "DragonSpark", "Framework\DragonSpark\DragonSpark.csproj", "{167DF420-328C-4ACC-ABD0-42DBE268EFDF}"
EndProject
Project("{FAE04EC0-301F-11D3-BF4B-00C04F79EFBC}") = "DragonSpark.Windows", "Framework\DragonSpark.Windows\DragonSpark.Windows.csproj", "{B51D28D3-BC96-41EA-885F-F7BE1543D6F4}"
EndProject
Project("{FAE04EC0-301F-11D3-BF4B-00C04F79EFBC}") = "DragonSpark.Shim", "Framework\DragonSpark.Shim\DragonSpark.Shim.csproj", "{69750CE1-63F1-4DDF-B22E-F8B40D8F16A8}"
EndProject
Project("{FAE04EC0-301F-11D3-BF4B-00C04F79EFBC}") = "DragonSpark.Shim.Windows", "Framework\DragonSpark.Shim.Windows\DragonSpark.Shim.Windows.csproj", "{82E56091-DD33-4F8D-A9D9-8948F3D6F820}"
EndProject
Global
	GlobalSection(SolutionConfigurationPlatforms) = preSolution
		Build|Any CPU = Build|Any CPU
		Debug|Any CPU = Debug|Any CPU
		Debug-Deploy|Any CPU = Debug-Deploy|Any CPU
		Development|Any CPU = Development|Any CPU
		Pre-Release|Any CPU = Pre-Release|Any CPU
		Release|Any CPU = Release|Any CPU
	EndGlobalSection
	GlobalSection(ProjectConfigurationPlatforms) = postSolution
		{5A90A124-22CF-4A87-BC4D-DACD189FE06E}.Build|Any CPU.ActiveCfg = Release|Any CPU
		{5A90A124-22CF-4A87-BC4D-DACD189FE06E}.Build|Any CPU.Build.0 = Release|Any CPU
		{5A90A124-22CF-4A87-BC4D-DACD189FE06E}.Debug|Any CPU.ActiveCfg = Debug|Any CPU
		{5A90A124-22CF-4A87-BC4D-DACD189FE06E}.Debug|Any CPU.Build.0 = Debug|Any CPU
		{5A90A124-22CF-4A87-BC4D-DACD189FE06E}.Debug-Deploy|Any CPU.ActiveCfg = Debug|Any CPU
		{5A90A124-22CF-4A87-BC4D-DACD189FE06E}.Debug-Deploy|Any CPU.Build.0 = Debug|Any CPU
		{5A90A124-22CF-4A87-BC4D-DACD189FE06E}.Development|Any CPU.ActiveCfg = Debug|Any CPU
		{5A90A124-22CF-4A87-BC4D-DACD189FE06E}.Development|Any CPU.Build.0 = Debug|Any CPU
		{5A90A124-22CF-4A87-BC4D-DACD189FE06E}.Pre-Release|Any CPU.ActiveCfg = Release|Any CPU
		{5A90A124-22CF-4A87-BC4D-DACD189FE06E}.Pre-Release|Any CPU.Build.0 = Release|Any CPU
		{5A90A124-22CF-4A87-BC4D-DACD189FE06E}.Release|Any CPU.ActiveCfg = Release|Any CPU
		{5A90A124-22CF-4A87-BC4D-DACD189FE06E}.Release|Any CPU.Build.0 = Release|Any CPU
		{AE7C3390-95D0-4558-B992-F7EF3FAE89DA}.Build|Any CPU.ActiveCfg = Release|Any CPU
		{AE7C3390-95D0-4558-B992-F7EF3FAE89DA}.Build|Any CPU.Build.0 = Release|Any CPU
		{AE7C3390-95D0-4558-B992-F7EF3FAE89DA}.Debug|Any CPU.ActiveCfg = Debug|Any CPU
		{AE7C3390-95D0-4558-B992-F7EF3FAE89DA}.Debug|Any CPU.Build.0 = Debug|Any CPU
		{AE7C3390-95D0-4558-B992-F7EF3FAE89DA}.Debug-Deploy|Any CPU.ActiveCfg = Debug|Any CPU
		{AE7C3390-95D0-4558-B992-F7EF3FAE89DA}.Debug-Deploy|Any CPU.Build.0 = Debug|Any CPU
		{AE7C3390-95D0-4558-B992-F7EF3FAE89DA}.Development|Any CPU.ActiveCfg = Debug|Any CPU
		{AE7C3390-95D0-4558-B992-F7EF3FAE89DA}.Development|Any CPU.Build.0 = Debug|Any CPU
		{AE7C3390-95D0-4558-B992-F7EF3FAE89DA}.Pre-Release|Any CPU.ActiveCfg = Release|Any CPU
		{AE7C3390-95D0-4558-B992-F7EF3FAE89DA}.Pre-Release|Any CPU.Build.0 = Release|Any CPU
		{AE7C3390-95D0-4558-B992-F7EF3FAE89DA}.Release|Any CPU.ActiveCfg = Release|Any CPU
		{AE7C3390-95D0-4558-B992-F7EF3FAE89DA}.Release|Any CPU.Build.0 = Release|Any CPU
		{2341CB8E-96D5-42FD-AE8F-FFC4E4803071}.Build|Any CPU.ActiveCfg = Release|Any CPU
		{2341CB8E-96D5-42FD-AE8F-FFC4E4803071}.Build|Any CPU.Build.0 = Release|Any CPU
		{2341CB8E-96D5-42FD-AE8F-FFC4E4803071}.Debug|Any CPU.ActiveCfg = Debug|Any CPU
		{2341CB8E-96D5-42FD-AE8F-FFC4E4803071}.Debug|Any CPU.Build.0 = Debug|Any CPU
		{2341CB8E-96D5-42FD-AE8F-FFC4E4803071}.Debug-Deploy|Any CPU.ActiveCfg = Debug|Any CPU
		{2341CB8E-96D5-42FD-AE8F-FFC4E4803071}.Debug-Deploy|Any CPU.Build.0 = Debug|Any CPU
		{2341CB8E-96D5-42FD-AE8F-FFC4E4803071}.Development|Any CPU.ActiveCfg = Debug|Any CPU
		{2341CB8E-96D5-42FD-AE8F-FFC4E4803071}.Development|Any CPU.Build.0 = Debug|Any CPU
		{2341CB8E-96D5-42FD-AE8F-FFC4E4803071}.Pre-Release|Any CPU.ActiveCfg = Release|Any CPU
		{2341CB8E-96D5-42FD-AE8F-FFC4E4803071}.Pre-Release|Any CPU.Build.0 = Release|Any CPU
		{2341CB8E-96D5-42FD-AE8F-FFC4E4803071}.Release|Any CPU.ActiveCfg = Release|Any CPU
		{2341CB8E-96D5-42FD-AE8F-FFC4E4803071}.Release|Any CPU.Build.0 = Release|Any CPU
		{C28B714B-07F5-4193-92DF-3BEA93D938C9}.Build|Any CPU.ActiveCfg = Release|Any CPU
		{C28B714B-07F5-4193-92DF-3BEA93D938C9}.Build|Any CPU.Build.0 = Release|Any CPU
		{C28B714B-07F5-4193-92DF-3BEA93D938C9}.Debug|Any CPU.ActiveCfg = Debug|Any CPU
		{C28B714B-07F5-4193-92DF-3BEA93D938C9}.Debug|Any CPU.Build.0 = Debug|Any CPU
		{C28B714B-07F5-4193-92DF-3BEA93D938C9}.Debug-Deploy|Any CPU.ActiveCfg = Debug|Any CPU
		{C28B714B-07F5-4193-92DF-3BEA93D938C9}.Debug-Deploy|Any CPU.Build.0 = Debug|Any CPU
		{C28B714B-07F5-4193-92DF-3BEA93D938C9}.Development|Any CPU.ActiveCfg = Debug|Any CPU
		{C28B714B-07F5-4193-92DF-3BEA93D938C9}.Development|Any CPU.Build.0 = Debug|Any CPU
		{C28B714B-07F5-4193-92DF-3BEA93D938C9}.Pre-Release|Any CPU.ActiveCfg = Release|Any CPU
		{C28B714B-07F5-4193-92DF-3BEA93D938C9}.Release|Any CPU.ActiveCfg = Release|Any CPU
		{304A81C9-3B30-448F-9AB6-EF7355311FFB}.Build|Any CPU.ActiveCfg = Release|Any CPU
		{304A81C9-3B30-448F-9AB6-EF7355311FFB}.Build|Any CPU.Build.0 = Release|Any CPU
		{304A81C9-3B30-448F-9AB6-EF7355311FFB}.Debug|Any CPU.ActiveCfg = Debug|Any CPU
		{304A81C9-3B30-448F-9AB6-EF7355311FFB}.Debug-Deploy|Any CPU.ActiveCfg = Debug|Any CPU
		{304A81C9-3B30-448F-9AB6-EF7355311FFB}.Development|Any CPU.ActiveCfg = Debug|Any CPU
		{304A81C9-3B30-448F-9AB6-EF7355311FFB}.Pre-Release|Any CPU.ActiveCfg = Release|Any CPU
		{304A81C9-3B30-448F-9AB6-EF7355311FFB}.Pre-Release|Any CPU.Build.0 = Release|Any CPU
		{304A81C9-3B30-448F-9AB6-EF7355311FFB}.Release|Any CPU.ActiveCfg = Release|Any CPU
		{304A81C9-3B30-448F-9AB6-EF7355311FFB}.Release|Any CPU.Build.0 = Release|Any CPU
		{1F72AB3C-9F4B-4AD8-8A3F-9CEBC1C336C2}.Build|Any CPU.ActiveCfg = Release|Any CPU
		{1F72AB3C-9F4B-4AD8-8A3F-9CEBC1C336C2}.Build|Any CPU.Build.0 = Release|Any CPU
		{1F72AB3C-9F4B-4AD8-8A3F-9CEBC1C336C2}.Debug|Any CPU.ActiveCfg = Debug|Any CPU
		{1F72AB3C-9F4B-4AD8-8A3F-9CEBC1C336C2}.Debug|Any CPU.Build.0 = Debug|Any CPU
		{1F72AB3C-9F4B-4AD8-8A3F-9CEBC1C336C2}.Debug-Deploy|Any CPU.ActiveCfg = Debug|Any CPU
		{1F72AB3C-9F4B-4AD8-8A3F-9CEBC1C336C2}.Debug-Deploy|Any CPU.Build.0 = Debug|Any CPU
		{1F72AB3C-9F4B-4AD8-8A3F-9CEBC1C336C2}.Development|Any CPU.ActiveCfg = Debug|Any CPU
		{1F72AB3C-9F4B-4AD8-8A3F-9CEBC1C336C2}.Development|Any CPU.Build.0 = Debug|Any CPU
		{1F72AB3C-9F4B-4AD8-8A3F-9CEBC1C336C2}.Pre-Release|Any CPU.ActiveCfg = Release|Any CPU
		{1F72AB3C-9F4B-4AD8-8A3F-9CEBC1C336C2}.Pre-Release|Any CPU.Build.0 = Release|Any CPU
		{1F72AB3C-9F4B-4AD8-8A3F-9CEBC1C336C2}.Release|Any CPU.ActiveCfg = Release|Any CPU
		{1F72AB3C-9F4B-4AD8-8A3F-9CEBC1C336C2}.Release|Any CPU.Build.0 = Release|Any CPU
		{167DF420-328C-4ACC-ABD0-42DBE268EFDF}.Build|Any CPU.ActiveCfg = Build|Any CPU
		{167DF420-328C-4ACC-ABD0-42DBE268EFDF}.Build|Any CPU.Build.0 = Build|Any CPU
		{167DF420-328C-4ACC-ABD0-42DBE268EFDF}.Debug|Any CPU.ActiveCfg = Debug|Any CPU
		{167DF420-328C-4ACC-ABD0-42DBE268EFDF}.Debug|Any CPU.Build.0 = Debug|Any CPU
		{167DF420-328C-4ACC-ABD0-42DBE268EFDF}.Debug-Deploy|Any CPU.ActiveCfg = Debug-Deploy|Any CPU
		{167DF420-328C-4ACC-ABD0-42DBE268EFDF}.Debug-Deploy|Any CPU.Build.0 = Debug-Deploy|Any CPU
		{167DF420-328C-4ACC-ABD0-42DBE268EFDF}.Development|Any CPU.ActiveCfg = Development|Any CPU
		{167DF420-328C-4ACC-ABD0-42DBE268EFDF}.Development|Any CPU.Build.0 = Development|Any CPU
		{167DF420-328C-4ACC-ABD0-42DBE268EFDF}.Pre-Release|Any CPU.ActiveCfg = Pre-Release|Any CPU
		{167DF420-328C-4ACC-ABD0-42DBE268EFDF}.Pre-Release|Any CPU.Build.0 = Pre-Release|Any CPU
		{167DF420-328C-4ACC-ABD0-42DBE268EFDF}.Release|Any CPU.ActiveCfg = Release|Any CPU
		{167DF420-328C-4ACC-ABD0-42DBE268EFDF}.Release|Any CPU.Build.0 = Release|Any CPU
		{B51D28D3-BC96-41EA-885F-F7BE1543D6F4}.Build|Any CPU.ActiveCfg = Release|Any CPU
		{B51D28D3-BC96-41EA-885F-F7BE1543D6F4}.Build|Any CPU.Build.0 = Release|Any CPU
		{B51D28D3-BC96-41EA-885F-F7BE1543D6F4}.Debug|Any CPU.ActiveCfg = Debug|Any CPU
		{B51D28D3-BC96-41EA-885F-F7BE1543D6F4}.Debug|Any CPU.Build.0 = Debug|Any CPU
		{B51D28D3-BC96-41EA-885F-F7BE1543D6F4}.Debug-Deploy|Any CPU.ActiveCfg = Debug|Any CPU
		{B51D28D3-BC96-41EA-885F-F7BE1543D6F4}.Debug-Deploy|Any CPU.Build.0 = Debug|Any CPU
		{B51D28D3-BC96-41EA-885F-F7BE1543D6F4}.Development|Any CPU.ActiveCfg = Debug|Any CPU
		{B51D28D3-BC96-41EA-885F-F7BE1543D6F4}.Development|Any CPU.Build.0 = Debug|Any CPU
		{B51D28D3-BC96-41EA-885F-F7BE1543D6F4}.Pre-Release|Any CPU.ActiveCfg = Release|Any CPU
		{B51D28D3-BC96-41EA-885F-F7BE1543D6F4}.Pre-Release|Any CPU.Build.0 = Release|Any CPU
		{B51D28D3-BC96-41EA-885F-F7BE1543D6F4}.Release|Any CPU.ActiveCfg = Release|Any CPU
		{B51D28D3-BC96-41EA-885F-F7BE1543D6F4}.Release|Any CPU.Build.0 = Release|Any CPU
		{69750CE1-63F1-4DDF-B22E-F8B40D8F16A8}.Build|Any CPU.ActiveCfg = Release|Any CPU
		{69750CE1-63F1-4DDF-B22E-F8B40D8F16A8}.Build|Any CPU.Build.0 = Release|Any CPU
		{69750CE1-63F1-4DDF-B22E-F8B40D8F16A8}.Debug|Any CPU.ActiveCfg = Debug|Any CPU
		{69750CE1-63F1-4DDF-B22E-F8B40D8F16A8}.Debug|Any CPU.Build.0 = Debug|Any CPU
		{69750CE1-63F1-4DDF-B22E-F8B40D8F16A8}.Debug-Deploy|Any CPU.ActiveCfg = Debug|Any CPU
		{69750CE1-63F1-4DDF-B22E-F8B40D8F16A8}.Debug-Deploy|Any CPU.Build.0 = Debug|Any CPU
		{69750CE1-63F1-4DDF-B22E-F8B40D8F16A8}.Development|Any CPU.ActiveCfg = Debug|Any CPU
		{69750CE1-63F1-4DDF-B22E-F8B40D8F16A8}.Development|Any CPU.Build.0 = Debug|Any CPU
		{69750CE1-63F1-4DDF-B22E-F8B40D8F16A8}.Pre-Release|Any CPU.ActiveCfg = Release|Any CPU
		{69750CE1-63F1-4DDF-B22E-F8B40D8F16A8}.Pre-Release|Any CPU.Build.0 = Release|Any CPU
		{69750CE1-63F1-4DDF-B22E-F8B40D8F16A8}.Release|Any CPU.ActiveCfg = Release|Any CPU
		{69750CE1-63F1-4DDF-B22E-F8B40D8F16A8}.Release|Any CPU.Build.0 = Release|Any CPU
		{82E56091-DD33-4F8D-A9D9-8948F3D6F820}.Build|Any CPU.ActiveCfg = Release|Any CPU
		{82E56091-DD33-4F8D-A9D9-8948F3D6F820}.Build|Any CPU.Build.0 = Release|Any CPU
		{82E56091-DD33-4F8D-A9D9-8948F3D6F820}.Debug|Any CPU.ActiveCfg = Debug|Any CPU
		{82E56091-DD33-4F8D-A9D9-8948F3D6F820}.Debug|Any CPU.Build.0 = Debug|Any CPU
		{82E56091-DD33-4F8D-A9D9-8948F3D6F820}.Debug-Deploy|Any CPU.ActiveCfg = Debug|Any CPU
		{82E56091-DD33-4F8D-A9D9-8948F3D6F820}.Debug-Deploy|Any CPU.Build.0 = Debug|Any CPU
		{82E56091-DD33-4F8D-A9D9-8948F3D6F820}.Development|Any CPU.ActiveCfg = Debug|Any CPU
		{82E56091-DD33-4F8D-A9D9-8948F3D6F820}.Development|Any CPU.Build.0 = Debug|Any CPU
		{82E56091-DD33-4F8D-A9D9-8948F3D6F820}.Pre-Release|Any CPU.ActiveCfg = Release|Any CPU
		{82E56091-DD33-4F8D-A9D9-8948F3D6F820}.Pre-Release|Any CPU.Build.0 = Release|Any CPU
		{82E56091-DD33-4F8D-A9D9-8948F3D6F820}.Release|Any CPU.ActiveCfg = Release|Any CPU
		{82E56091-DD33-4F8D-A9D9-8948F3D6F820}.Release|Any CPU.Build.0 = Release|Any CPU
	EndGlobalSection
	GlobalSection(SolutionProperties) = preSolution
		HideSolutionNode = FALSE
	EndGlobalSection
	GlobalSection(NestedProjects) = preSolution
		{C28B714B-07F5-4193-92DF-3BEA93D938C9} = {A39BEAEC-8A6B-4F8C-905E-C030FEDA4E5D}
		{304A81C9-3B30-448F-9AB6-EF7355311FFB} = {A39BEAEC-8A6B-4F8C-905E-C030FEDA4E5D}
		{1F72AB3C-9F4B-4AD8-8A3F-9CEBC1C336C2} = {A39BEAEC-8A6B-4F8C-905E-C030FEDA4E5D}
		{167DF420-328C-4ACC-ABD0-42DBE268EFDF} = {20BC8DE8-EFFE-42C2-A22B-A68D7C6B2CB2}
		{B51D28D3-BC96-41EA-885F-F7BE1543D6F4} = {20BC8DE8-EFFE-42C2-A22B-A68D7C6B2CB2}
		{69750CE1-63F1-4DDF-B22E-F8B40D8F16A8} = {20BC8DE8-EFFE-42C2-A22B-A68D7C6B2CB2}
		{82E56091-DD33-4F8D-A9D9-8948F3D6F820} = {20BC8DE8-EFFE-42C2-A22B-A68D7C6B2CB2}
	EndGlobalSection
	GlobalSection(ExtensibilityGlobals) = postSolution
		EnterpriseLibraryConfigurationToolBinariesPathV6 = packages\EnterpriseLibrary.Common.6.0.1304.0\lib\NET45;packages\EnterpriseLibrary.ExceptionHandling.6.0.1304.0\lib\NET45
	EndGlobalSection
EndGlobal
