
Microsoft Visual Studio Solution File, Format Version 12.00
# Visual Studio Version 16
VisualStudioVersion = 16.0.28803.352
MinimumVisualStudioVersion = 10.0.40219.1
Project("{9A19103F-16F7-4668-BE54-9A1E7A4F7556}") = "DragonSpark", "DragonSpark\DragonSpark.csproj", "{A79A5912-9575-4916-807C-DACF5C227D6D}"
EndProject
Project("{9A19103F-16F7-4668-BE54-9A1E7A4F7556}") = "DragonSpark.Testing", "DragonSpark.Testing\DragonSpark.Testing.csproj", "{B5AEBEE4-F777-48ED-BE39-2534FF8E7056}"
EndProject
Project("{2150E333-8FDC-42A3-9474-1A3956D46DE8}") = "Testing", "Testing", "{273E561B-EB06-4B9D-B073-BFD88F87441C}"
EndProject
Project("{2150E333-8FDC-42A3-9474-1A3956D46DE8}") = "Solution Items", "Solution Items", "{5436B573-E99E-48F6-8CB6-8F7A140DEA5E}"
	ProjectSection(SolutionItems) = preProject
		LICENSE = LICENSE
		README.md = README.md
	EndProjectSection
EndProject
Project("{9A19103F-16F7-4668-BE54-9A1E7A4F7556}") = "DragonSpark.Environment", "DragonSpark.Environment\DragonSpark.Environment.csproj", "{6DA0F40E-1E05-45AE-B9DC-B05D21AD1D2F}"
EndProject
Project("{9A19103F-16F7-4668-BE54-9A1E7A4F7556}") = "DragonSpark.Environment.Development", "DragonSpark.Environment.Development\DragonSpark.Environment.Development.csproj", "{8E53917B-7206-491E-9377-18FBBC697D09}"
EndProject
Project("{9A19103F-16F7-4668-BE54-9A1E7A4F7556}") = "DragonSpark.Testing.Environment", "DragonSpark.Testing.Environment\DragonSpark.Testing.Environment.csproj", "{369544CB-F1A5-49CA-A0DC-823E997A6DEB}"
EndProject
Project("{9A19103F-16F7-4668-BE54-9A1E7A4F7556}") = "DragonSpark.Testing.Environment.Development", "DragonSpark.Testing.Environment.Development\DragonSpark.Testing.Environment.Development.csproj", "{49A92634-E70F-4D5C-A285-3D945FA370DA}"
EndProject
Project("{9A19103F-16F7-4668-BE54-9A1E7A4F7556}") = "DragonSpark.Testing.Objects", "DragonSpark.Testing.Objects\DragonSpark.Testing.Objects.csproj", "{9FDE4B93-0C3E-424B-B180-39DC58709720}"
EndProject
Project("{9A19103F-16F7-4668-BE54-9A1E7A4F7556}") = "DragonSpark.Application.Hosting.xUnit", "DragonSpark.Application.Hosting.xUnit\DragonSpark.Application.Hosting.xUnit.csproj", "{41861BF2-367F-4D62-9868-2B9AAD2EC5D2}"
EndProject
Project("{9A19103F-16F7-4668-BE54-9A1E7A4F7556}") = "DragonSpark.Application.Hosting.Console", "DragonSpark.Application.Hosting.Console\DragonSpark.Application.Hosting.Console.csproj", "{BE168114-7861-45FC-B9FD-2A25F43275CD}"
EndProject
Project("{2150E333-8FDC-42A3-9474-1A3956D46DE8}") = "Application Hosting", "Application Hosting", "{D273BAB9-2B15-4EB3-905F-FE0D291BE1DE}"
EndProject
Project("{9A19103F-16F7-4668-BE54-9A1E7A4F7556}") = "DragonSpark.Server", "DragonSpark.Server\DragonSpark.Server.csproj", "{9D58C0E1-D21D-4E46-A3A7-B7BBE43FC6C8}"
EndProject
Project("{9A19103F-16F7-4668-BE54-9A1E7A4F7556}") = "DragonSpark.Application.Hosting.BenchmarkDotNet", "DragonSpark.Application.Hosting.BenchmarkDotNet\DragonSpark.Application.Hosting.BenchmarkDotNet.csproj", "{FEBB32A2-7B54-43C6-B345-96AD1DFAAA27}"
EndProject
Project("{9A19103F-16F7-4668-BE54-9A1E7A4F7556}") = "DragonSpark.Composition", "DragonSpark.Composition\DragonSpark.Composition.csproj", "{60535189-644C-4D5F-86DA-09AF755999C1}"
EndProject
Project("{9A19103F-16F7-4668-BE54-9A1E7A4F7556}") = "DragonSpark.Presentation", "DragonSpark.Presentation\DragonSpark.Presentation.csproj", "{11744BDF-D4AB-46CC-ADC8-DB9DFF6DAC29}"
EndProject
Project("{9A19103F-16F7-4668-BE54-9A1E7A4F7556}") = "DragonSpark.Application.Hosting.Server.Blazor", "DragonSpark.Application.Hosting.Server.Blazor\DragonSpark.Application.Hosting.Server.Blazor.csproj", "{1537F341-C654-48D1-89ED-4161E497CBF4}"
EndProject
Project("{9A19103F-16F7-4668-BE54-9A1E7A4F7556}") = "DragonSpark.Application.Hosting.Server", "DragonSpark.Application.Hosting.Server\DragonSpark.Application.Hosting.Server.csproj", "{301B35DC-B409-4D5D-A439-5BEF008B6423}"
EndProject
Project("{9A19103F-16F7-4668-BE54-9A1E7A4F7556}") = "DragonSpark.Application.Hosting.Server.Environment.Development", "DragonSpark.Application.Hosting.Server.Environment.Development\DragonSpark.Application.Hosting.Server.Environment.Development.csproj", "{260A1394-2915-40D5-83B4-702947DA0F8D}"
EndProject
Project("{9A19103F-16F7-4668-BE54-9A1E7A4F7556}") = "DragonSpark.Application.Hosting.Server.Testing", "DragonSpark.Application.Hosting.Server.Testing\DragonSpark.Application.Hosting.Server.Testing.csproj", "{AEF4BAFA-D8C5-48F7-B787-4FE1B0106DE5}"
EndProject
Project("{9A19103F-16F7-4668-BE54-9A1E7A4F7556}") = "DragonSpark.Testing.Server", "DragonSpark.Testing.Server\DragonSpark.Testing.Server.csproj", "{C8E96381-C9AB-4D29-BA7C-A107A6DF3087}"
EndProject
Project("{9A19103F-16F7-4668-BE54-9A1E7A4F7556}") = "DragonSpark.Application.Hosting.Server.Testing.Environment", "DragonSpark.Application.Hosting.Server.Testing.Environment\DragonSpark.Application.Hosting.Server.Testing.Environment.csproj", "{FB52AAAD-1CFB-476A-8702-B1F93A4F1F99}"
EndProject
Project("{9A19103F-16F7-4668-BE54-9A1E7A4F7556}") = "DragonSpark.Application.Hosting.Server.Testing.Environment.Development", "DragonSpark.Application.Hosting.Server.Testing.Environment.Development\DragonSpark.Application.Hosting.Server.Testing.Environment.Development.csproj", "{8CBFBE82-7D65-4747-993E-4B700430E072}"
EndProject
Project("{9A19103F-16F7-4668-BE54-9A1E7A4F7556}") = "DragonSpark.Application.Hosting.Server.Testing.Environment.Production", "DragonSpark.Application.Hosting.Server.Testing.Environment.Production\DragonSpark.Application.Hosting.Server.Testing.Environment.Production.csproj", "{4FC18524-4117-40EE-A696-97F279DA7639}"
EndProject
Project("{2150E333-8FDC-42A3-9474-1A3956D46DE8}") = "Environment", "Environment", "{7D3ED06D-8BE3-43EC-9A24-F42E2B93491A}"
EndProject
Project("{9A19103F-16F7-4668-BE54-9A1E7A4F7556}") = "DragonSpark.Application.Testing", "DragonSpark.Application.Testing\DragonSpark.Application.Testing.csproj", "{F1CB3AA5-6BAF-4F70-A266-F35C0AC8E016}"
EndProject
Project("{9A19103F-16F7-4668-BE54-9A1E7A4F7556}") = "DragonSpark.Application", "DragonSpark.Application\DragonSpark.Application.csproj", "{AA88172F-1CC2-431A-8FC4-CE4701E25242}"
EndProject
Project("{9A19103F-16F7-4668-BE54-9A1E7A4F7556}") = "DragonSpark.Application.Environment.Development", "DragonSpark.Application.Environment.Development\DragonSpark.Application.Environment.Development.csproj", "{42BF04BC-6AF4-4E70-B794-DB0A31197585}"
EndProject
Project("{9A19103F-16F7-4668-BE54-9A1E7A4F7556}") = "DragonSpark.Application.Hosting.Server.Blazor.Environment", "DragonSpark.Application.Hosting.Server.Blazor.Environment\DragonSpark.Application.Hosting.Server.Blazor.Environment.csproj", "{AB6B025C-D3A6-4216-8083-663EE21808F5}"
EndProject
Project("{9A19103F-16F7-4668-BE54-9A1E7A4F7556}") = "DragonSpark.Application.Environment", "DragonSpark.Application.Environment\DragonSpark.Application.Environment.csproj", "{909391EF-1E4B-46D8-B246-2A3BA3C78E65}"
EndProject
Project("{2150E333-8FDC-42A3-9474-1A3956D46DE8}") = "Environment", "Environment", "{5A258A1B-48EE-4AFD-B9B4-83B9A910606B}"
EndProject
Global
	GlobalSection(SolutionConfigurationPlatforms) = preSolution
		Debug|Any CPU = Debug|Any CPU
		Release|Any CPU = Release|Any CPU
	EndGlobalSection
	GlobalSection(ProjectConfigurationPlatforms) = postSolution
		{A79A5912-9575-4916-807C-DACF5C227D6D}.Debug|Any CPU.ActiveCfg = Debug|Any CPU
		{A79A5912-9575-4916-807C-DACF5C227D6D}.Debug|Any CPU.Build.0 = Debug|Any CPU
		{A79A5912-9575-4916-807C-DACF5C227D6D}.Release|Any CPU.ActiveCfg = Release|Any CPU
		{A79A5912-9575-4916-807C-DACF5C227D6D}.Release|Any CPU.Build.0 = Release|Any CPU
		{B5AEBEE4-F777-48ED-BE39-2534FF8E7056}.Debug|Any CPU.ActiveCfg = Debug|Any CPU
		{B5AEBEE4-F777-48ED-BE39-2534FF8E7056}.Debug|Any CPU.Build.0 = Debug|Any CPU
		{B5AEBEE4-F777-48ED-BE39-2534FF8E7056}.Release|Any CPU.ActiveCfg = Release|Any CPU
		{B5AEBEE4-F777-48ED-BE39-2534FF8E7056}.Release|Any CPU.Build.0 = Release|Any CPU
		{6DA0F40E-1E05-45AE-B9DC-B05D21AD1D2F}.Debug|Any CPU.ActiveCfg = Debug|Any CPU
		{6DA0F40E-1E05-45AE-B9DC-B05D21AD1D2F}.Debug|Any CPU.Build.0 = Debug|Any CPU
		{6DA0F40E-1E05-45AE-B9DC-B05D21AD1D2F}.Release|Any CPU.ActiveCfg = Release|Any CPU
		{6DA0F40E-1E05-45AE-B9DC-B05D21AD1D2F}.Release|Any CPU.Build.0 = Release|Any CPU
		{8E53917B-7206-491E-9377-18FBBC697D09}.Debug|Any CPU.ActiveCfg = Debug|Any CPU
		{8E53917B-7206-491E-9377-18FBBC697D09}.Debug|Any CPU.Build.0 = Debug|Any CPU
		{8E53917B-7206-491E-9377-18FBBC697D09}.Release|Any CPU.ActiveCfg = Release|Any CPU
		{8E53917B-7206-491E-9377-18FBBC697D09}.Release|Any CPU.Build.0 = Release|Any CPU
		{369544CB-F1A5-49CA-A0DC-823E997A6DEB}.Debug|Any CPU.ActiveCfg = Debug|Any CPU
		{369544CB-F1A5-49CA-A0DC-823E997A6DEB}.Debug|Any CPU.Build.0 = Debug|Any CPU
		{369544CB-F1A5-49CA-A0DC-823E997A6DEB}.Release|Any CPU.ActiveCfg = Release|Any CPU
		{369544CB-F1A5-49CA-A0DC-823E997A6DEB}.Release|Any CPU.Build.0 = Release|Any CPU
		{49A92634-E70F-4D5C-A285-3D945FA370DA}.Debug|Any CPU.ActiveCfg = Debug|Any CPU
		{49A92634-E70F-4D5C-A285-3D945FA370DA}.Debug|Any CPU.Build.0 = Debug|Any CPU
		{49A92634-E70F-4D5C-A285-3D945FA370DA}.Release|Any CPU.ActiveCfg = Release|Any CPU
		{49A92634-E70F-4D5C-A285-3D945FA370DA}.Release|Any CPU.Build.0 = Release|Any CPU
		{9FDE4B93-0C3E-424B-B180-39DC58709720}.Debug|Any CPU.ActiveCfg = Debug|Any CPU
		{9FDE4B93-0C3E-424B-B180-39DC58709720}.Debug|Any CPU.Build.0 = Debug|Any CPU
		{9FDE4B93-0C3E-424B-B180-39DC58709720}.Release|Any CPU.ActiveCfg = Release|Any CPU
		{9FDE4B93-0C3E-424B-B180-39DC58709720}.Release|Any CPU.Build.0 = Release|Any CPU
		{41861BF2-367F-4D62-9868-2B9AAD2EC5D2}.Debug|Any CPU.ActiveCfg = Debug|Any CPU
		{41861BF2-367F-4D62-9868-2B9AAD2EC5D2}.Debug|Any CPU.Build.0 = Debug|Any CPU
		{41861BF2-367F-4D62-9868-2B9AAD2EC5D2}.Release|Any CPU.ActiveCfg = Release|Any CPU
		{41861BF2-367F-4D62-9868-2B9AAD2EC5D2}.Release|Any CPU.Build.0 = Release|Any CPU
		{BE168114-7861-45FC-B9FD-2A25F43275CD}.Debug|Any CPU.ActiveCfg = Debug|Any CPU
		{BE168114-7861-45FC-B9FD-2A25F43275CD}.Debug|Any CPU.Build.0 = Debug|Any CPU
		{BE168114-7861-45FC-B9FD-2A25F43275CD}.Release|Any CPU.ActiveCfg = Release|Any CPU
		{BE168114-7861-45FC-B9FD-2A25F43275CD}.Release|Any CPU.Build.0 = Release|Any CPU
		{9D58C0E1-D21D-4E46-A3A7-B7BBE43FC6C8}.Debug|Any CPU.ActiveCfg = Debug|Any CPU
		{9D58C0E1-D21D-4E46-A3A7-B7BBE43FC6C8}.Debug|Any CPU.Build.0 = Debug|Any CPU
		{9D58C0E1-D21D-4E46-A3A7-B7BBE43FC6C8}.Release|Any CPU.ActiveCfg = Release|Any CPU
		{9D58C0E1-D21D-4E46-A3A7-B7BBE43FC6C8}.Release|Any CPU.Build.0 = Release|Any CPU
		{FEBB32A2-7B54-43C6-B345-96AD1DFAAA27}.Debug|Any CPU.ActiveCfg = Debug|Any CPU
		{FEBB32A2-7B54-43C6-B345-96AD1DFAAA27}.Debug|Any CPU.Build.0 = Debug|Any CPU
		{FEBB32A2-7B54-43C6-B345-96AD1DFAAA27}.Release|Any CPU.ActiveCfg = Release|Any CPU
		{FEBB32A2-7B54-43C6-B345-96AD1DFAAA27}.Release|Any CPU.Build.0 = Release|Any CPU
		{60535189-644C-4D5F-86DA-09AF755999C1}.Debug|Any CPU.ActiveCfg = Debug|Any CPU
		{60535189-644C-4D5F-86DA-09AF755999C1}.Debug|Any CPU.Build.0 = Debug|Any CPU
		{60535189-644C-4D5F-86DA-09AF755999C1}.Release|Any CPU.ActiveCfg = Release|Any CPU
		{60535189-644C-4D5F-86DA-09AF755999C1}.Release|Any CPU.Build.0 = Release|Any CPU
		{11744BDF-D4AB-46CC-ADC8-DB9DFF6DAC29}.Debug|Any CPU.ActiveCfg = Debug|Any CPU
		{11744BDF-D4AB-46CC-ADC8-DB9DFF6DAC29}.Debug|Any CPU.Build.0 = Debug|Any CPU
		{11744BDF-D4AB-46CC-ADC8-DB9DFF6DAC29}.Release|Any CPU.ActiveCfg = Release|Any CPU
		{11744BDF-D4AB-46CC-ADC8-DB9DFF6DAC29}.Release|Any CPU.Build.0 = Release|Any CPU
		{1537F341-C654-48D1-89ED-4161E497CBF4}.Debug|Any CPU.ActiveCfg = Debug|Any CPU
		{1537F341-C654-48D1-89ED-4161E497CBF4}.Debug|Any CPU.Build.0 = Debug|Any CPU
		{1537F341-C654-48D1-89ED-4161E497CBF4}.Release|Any CPU.ActiveCfg = Release|Any CPU
		{1537F341-C654-48D1-89ED-4161E497CBF4}.Release|Any CPU.Build.0 = Release|Any CPU
		{301B35DC-B409-4D5D-A439-5BEF008B6423}.Debug|Any CPU.ActiveCfg = Debug|Any CPU
		{301B35DC-B409-4D5D-A439-5BEF008B6423}.Debug|Any CPU.Build.0 = Debug|Any CPU
		{301B35DC-B409-4D5D-A439-5BEF008B6423}.Release|Any CPU.ActiveCfg = Release|Any CPU
		{301B35DC-B409-4D5D-A439-5BEF008B6423}.Release|Any CPU.Build.0 = Release|Any CPU
		{260A1394-2915-40D5-83B4-702947DA0F8D}.Debug|Any CPU.ActiveCfg = Debug|Any CPU
		{260A1394-2915-40D5-83B4-702947DA0F8D}.Debug|Any CPU.Build.0 = Debug|Any CPU
		{260A1394-2915-40D5-83B4-702947DA0F8D}.Release|Any CPU.ActiveCfg = Release|Any CPU
		{260A1394-2915-40D5-83B4-702947DA0F8D}.Release|Any CPU.Build.0 = Release|Any CPU
		{AEF4BAFA-D8C5-48F7-B787-4FE1B0106DE5}.Debug|Any CPU.ActiveCfg = Debug|Any CPU
		{AEF4BAFA-D8C5-48F7-B787-4FE1B0106DE5}.Debug|Any CPU.Build.0 = Debug|Any CPU
		{AEF4BAFA-D8C5-48F7-B787-4FE1B0106DE5}.Release|Any CPU.ActiveCfg = Release|Any CPU
		{AEF4BAFA-D8C5-48F7-B787-4FE1B0106DE5}.Release|Any CPU.Build.0 = Release|Any CPU
		{C8E96381-C9AB-4D29-BA7C-A107A6DF3087}.Debug|Any CPU.ActiveCfg = Debug|Any CPU
		{C8E96381-C9AB-4D29-BA7C-A107A6DF3087}.Debug|Any CPU.Build.0 = Debug|Any CPU
		{C8E96381-C9AB-4D29-BA7C-A107A6DF3087}.Release|Any CPU.ActiveCfg = Release|Any CPU
		{C8E96381-C9AB-4D29-BA7C-A107A6DF3087}.Release|Any CPU.Build.0 = Release|Any CPU
		{FB52AAAD-1CFB-476A-8702-B1F93A4F1F99}.Debug|Any CPU.ActiveCfg = Debug|Any CPU
		{FB52AAAD-1CFB-476A-8702-B1F93A4F1F99}.Debug|Any CPU.Build.0 = Debug|Any CPU
		{FB52AAAD-1CFB-476A-8702-B1F93A4F1F99}.Release|Any CPU.ActiveCfg = Release|Any CPU
		{FB52AAAD-1CFB-476A-8702-B1F93A4F1F99}.Release|Any CPU.Build.0 = Release|Any CPU
		{8CBFBE82-7D65-4747-993E-4B700430E072}.Debug|Any CPU.ActiveCfg = Debug|Any CPU
		{8CBFBE82-7D65-4747-993E-4B700430E072}.Debug|Any CPU.Build.0 = Debug|Any CPU
		{8CBFBE82-7D65-4747-993E-4B700430E072}.Release|Any CPU.ActiveCfg = Release|Any CPU
		{8CBFBE82-7D65-4747-993E-4B700430E072}.Release|Any CPU.Build.0 = Release|Any CPU
		{4FC18524-4117-40EE-A696-97F279DA7639}.Debug|Any CPU.ActiveCfg = Debug|Any CPU
		{4FC18524-4117-40EE-A696-97F279DA7639}.Debug|Any CPU.Build.0 = Debug|Any CPU
		{4FC18524-4117-40EE-A696-97F279DA7639}.Release|Any CPU.ActiveCfg = Release|Any CPU
		{4FC18524-4117-40EE-A696-97F279DA7639}.Release|Any CPU.Build.0 = Release|Any CPU
		{F1CB3AA5-6BAF-4F70-A266-F35C0AC8E016}.Debug|Any CPU.ActiveCfg = Debug|Any CPU
		{F1CB3AA5-6BAF-4F70-A266-F35C0AC8E016}.Debug|Any CPU.Build.0 = Debug|Any CPU
		{F1CB3AA5-6BAF-4F70-A266-F35C0AC8E016}.Release|Any CPU.ActiveCfg = Release|Any CPU
		{F1CB3AA5-6BAF-4F70-A266-F35C0AC8E016}.Release|Any CPU.Build.0 = Release|Any CPU
		{AA88172F-1CC2-431A-8FC4-CE4701E25242}.Debug|Any CPU.ActiveCfg = Debug|Any CPU
		{AA88172F-1CC2-431A-8FC4-CE4701E25242}.Debug|Any CPU.Build.0 = Debug|Any CPU
		{AA88172F-1CC2-431A-8FC4-CE4701E25242}.Release|Any CPU.ActiveCfg = Release|Any CPU
		{AA88172F-1CC2-431A-8FC4-CE4701E25242}.Release|Any CPU.Build.0 = Release|Any CPU
		{42BF04BC-6AF4-4E70-B794-DB0A31197585}.Debug|Any CPU.ActiveCfg = Debug|Any CPU
		{42BF04BC-6AF4-4E70-B794-DB0A31197585}.Debug|Any CPU.Build.0 = Debug|Any CPU
		{42BF04BC-6AF4-4E70-B794-DB0A31197585}.Release|Any CPU.ActiveCfg = Release|Any CPU
		{42BF04BC-6AF4-4E70-B794-DB0A31197585}.Release|Any CPU.Build.0 = Release|Any CPU
		{AB6B025C-D3A6-4216-8083-663EE21808F5}.Debug|Any CPU.ActiveCfg = Debug|Any CPU
		{AB6B025C-D3A6-4216-8083-663EE21808F5}.Debug|Any CPU.Build.0 = Debug|Any CPU
		{AB6B025C-D3A6-4216-8083-663EE21808F5}.Release|Any CPU.ActiveCfg = Release|Any CPU
		{AB6B025C-D3A6-4216-8083-663EE21808F5}.Release|Any CPU.Build.0 = Release|Any CPU
		{909391EF-1E4B-46D8-B246-2A3BA3C78E65}.Debug|Any CPU.ActiveCfg = Debug|Any CPU
		{909391EF-1E4B-46D8-B246-2A3BA3C78E65}.Debug|Any CPU.Build.0 = Debug|Any CPU
		{909391EF-1E4B-46D8-B246-2A3BA3C78E65}.Release|Any CPU.ActiveCfg = Release|Any CPU
		{909391EF-1E4B-46D8-B246-2A3BA3C78E65}.Release|Any CPU.Build.0 = Release|Any CPU
	EndGlobalSection
	GlobalSection(SolutionProperties) = preSolution
		HideSolutionNode = FALSE
	EndGlobalSection
	GlobalSection(NestedProjects) = preSolution
		{B5AEBEE4-F777-48ED-BE39-2534FF8E7056} = {273E561B-EB06-4B9D-B073-BFD88F87441C}
		{6DA0F40E-1E05-45AE-B9DC-B05D21AD1D2F} = {5A258A1B-48EE-4AFD-B9B4-83B9A910606B}
		{8E53917B-7206-491E-9377-18FBBC697D09} = {5A258A1B-48EE-4AFD-B9B4-83B9A910606B}
		{369544CB-F1A5-49CA-A0DC-823E997A6DEB} = {7D3ED06D-8BE3-43EC-9A24-F42E2B93491A}
		{49A92634-E70F-4D5C-A285-3D945FA370DA} = {7D3ED06D-8BE3-43EC-9A24-F42E2B93491A}
		{9FDE4B93-0C3E-424B-B180-39DC58709720} = {273E561B-EB06-4B9D-B073-BFD88F87441C}
		{41861BF2-367F-4D62-9868-2B9AAD2EC5D2} = {D273BAB9-2B15-4EB3-905F-FE0D291BE1DE}
		{BE168114-7861-45FC-B9FD-2A25F43275CD} = {D273BAB9-2B15-4EB3-905F-FE0D291BE1DE}
		{FEBB32A2-7B54-43C6-B345-96AD1DFAAA27} = {D273BAB9-2B15-4EB3-905F-FE0D291BE1DE}
		{1537F341-C654-48D1-89ED-4161E497CBF4} = {D273BAB9-2B15-4EB3-905F-FE0D291BE1DE}
		{301B35DC-B409-4D5D-A439-5BEF008B6423} = {D273BAB9-2B15-4EB3-905F-FE0D291BE1DE}
		{260A1394-2915-40D5-83B4-702947DA0F8D} = {5A258A1B-48EE-4AFD-B9B4-83B9A910606B}
		{AEF4BAFA-D8C5-48F7-B787-4FE1B0106DE5} = {273E561B-EB06-4B9D-B073-BFD88F87441C}
		{C8E96381-C9AB-4D29-BA7C-A107A6DF3087} = {273E561B-EB06-4B9D-B073-BFD88F87441C}
		{FB52AAAD-1CFB-476A-8702-B1F93A4F1F99} = {7D3ED06D-8BE3-43EC-9A24-F42E2B93491A}
		{8CBFBE82-7D65-4747-993E-4B700430E072} = {7D3ED06D-8BE3-43EC-9A24-F42E2B93491A}
		{4FC18524-4117-40EE-A696-97F279DA7639} = {7D3ED06D-8BE3-43EC-9A24-F42E2B93491A}
		{7D3ED06D-8BE3-43EC-9A24-F42E2B93491A} = {273E561B-EB06-4B9D-B073-BFD88F87441C}
		{F1CB3AA5-6BAF-4F70-A266-F35C0AC8E016} = {273E561B-EB06-4B9D-B073-BFD88F87441C}
		{42BF04BC-6AF4-4E70-B794-DB0A31197585} = {5A258A1B-48EE-4AFD-B9B4-83B9A910606B}
		{AB6B025C-D3A6-4216-8083-663EE21808F5} = {5A258A1B-48EE-4AFD-B9B4-83B9A910606B}
		{909391EF-1E4B-46D8-B246-2A3BA3C78E65} = {5A258A1B-48EE-4AFD-B9B4-83B9A910606B}
	EndGlobalSection
	GlobalSection(ExtensibilityGlobals) = postSolution
		SolutionGuid = {D7E910BA-B9EE-40A8-9C18-08D091DA997F}
	EndGlobalSection
EndGlobal
