
Microsoft Visual Studio Solution File, Format Version 12.00
# Visual Studio Version 17
VisualStudioVersion = 17.2.32210.308
MinimumVisualStudioVersion = 10.0.40219.1
Project("{9A19103F-16F7-4668-BE54-9A1E7A4F7556}") = "DragonSpark", "DragonSpark\DragonSpark.csproj", "{A79A5912-9575-4916-807C-DACF5C227D6D}"
EndProject
Project("{9A19103F-16F7-4668-BE54-9A1E7A4F7556}") = "DragonSpark.Testing", "DragonSpark.Testing\DragonSpark.Testing.csproj", "{B5AEBEE4-F777-48ED-BE39-2534FF8E7056}"
EndProject
Project("{2150E333-8FDC-42A3-9474-1A3956D46DE8}") = "Testing", "Testing", "{273E561B-EB06-4B9D-B073-BFD88F87441C}"
EndProject
Project("{2150E333-8FDC-42A3-9474-1A3956D46DE8}") = "Solution Items", "Solution Items", "{5436B573-E99E-48F6-8CB6-8F7A140DEA5E}"
	ProjectSection(SolutionItems) = preProject
		LICENSE = LICENSE
		README.md = README.md
	EndProjectSection
EndProject
Project("{9A19103F-16F7-4668-BE54-9A1E7A4F7556}") = "DragonSpark.Environment", "DragonSpark.Environment\DragonSpark.Environment.csproj", "{6DA0F40E-1E05-45AE-B9DC-B05D21AD1D2F}"
EndProject
Project("{9A19103F-16F7-4668-BE54-9A1E7A4F7556}") = "DragonSpark.Environment.Development", "DragonSpark.Environment.Development\DragonSpark.Environment.Development.csproj", "{8E53917B-7206-491E-9377-18FBBC697D09}"
EndProject
Project("{9A19103F-16F7-4668-BE54-9A1E7A4F7556}") = "DragonSpark.Testing.Environment", "DragonSpark.Testing.Environment\DragonSpark.Testing.Environment.csproj", "{369544CB-F1A5-49CA-A0DC-823E997A6DEB}"
EndProject
Project("{9A19103F-16F7-4668-BE54-9A1E7A4F7556}") = "DragonSpark.Testing.Environment.Development", "DragonSpark.Testing.Environment.Development\DragonSpark.Testing.Environment.Development.csproj", "{49A92634-E70F-4D5C-A285-3D945FA370DA}"
EndProject
Project("{9A19103F-16F7-4668-BE54-9A1E7A4F7556}") = "DragonSpark.Testing.Objects", "DragonSpark.Testing.Objects\DragonSpark.Testing.Objects.csproj", "{9FDE4B93-0C3E-424B-B180-39DC58709720}"
EndProject
Project("{9A19103F-16F7-4668-BE54-9A1E7A4F7556}") = "DragonSpark.Application.Hosting.xUnit", "DragonSpark.Application.Hosting.xUnit\DragonSpark.Application.Hosting.xUnit.csproj", "{41861BF2-367F-4D62-9868-2B9AAD2EC5D2}"
EndProject
Project("{9A19103F-16F7-4668-BE54-9A1E7A4F7556}") = "DragonSpark.Application.Hosting.Console", "DragonSpark.Application.Hosting.Console\DragonSpark.Application.Hosting.Console.csproj", "{BE168114-7861-45FC-B9FD-2A25F43275CD}"
EndProject
Project("{2150E333-8FDC-42A3-9474-1A3956D46DE8}") = "Application Hosting", "Application Hosting", "{D273BAB9-2B15-4EB3-905F-FE0D291BE1DE}"
EndProject
Project("{9A19103F-16F7-4668-BE54-9A1E7A4F7556}") = "DragonSpark.Server", "DragonSpark.Server\DragonSpark.Server.csproj", "{9D58C0E1-D21D-4E46-A3A7-B7BBE43FC6C8}"
EndProject
Project("{9A19103F-16F7-4668-BE54-9A1E7A4F7556}") = "DragonSpark.Application.Hosting.BenchmarkDotNet", "DragonSpark.Application.Hosting.BenchmarkDotNet\DragonSpark.Application.Hosting.BenchmarkDotNet.csproj", "{FEBB32A2-7B54-43C6-B345-96AD1DFAAA27}"
EndProject
Project("{9A19103F-16F7-4668-BE54-9A1E7A4F7556}") = "DragonSpark.Composition", "DragonSpark.Composition\DragonSpark.Composition.csproj", "{60535189-644C-4D5F-86DA-09AF755999C1}"
EndProject
Project("{9A19103F-16F7-4668-BE54-9A1E7A4F7556}") = "DragonSpark.Presentation", "DragonSpark.Presentation\DragonSpark.Presentation.csproj", "{11744BDF-D4AB-46CC-ADC8-DB9DFF6DAC29}"
EndProject
Project("{9A19103F-16F7-4668-BE54-9A1E7A4F7556}") = "DragonSpark.Application.Hosting.Server.Blazor", "DragonSpark.Application.Hosting.Server.Blazor\DragonSpark.Application.Hosting.Server.Blazor.csproj", "{1537F341-C654-48D1-89ED-4161E497CBF4}"
EndProject
Project("{9A19103F-16F7-4668-BE54-9A1E7A4F7556}") = "DragonSpark.Application.Hosting.Server", "DragonSpark.Application.Hosting.Server\DragonSpark.Application.Hosting.Server.csproj", "{301B35DC-B409-4D5D-A439-5BEF008B6423}"
EndProject
Project("{9A19103F-16F7-4668-BE54-9A1E7A4F7556}") = "DragonSpark.Application.Hosting.Server.Environment.Development", "DragonSpark.Application.Hosting.Server.Environment.Development\DragonSpark.Application.Hosting.Server.Environment.Development.csproj", "{260A1394-2915-40D5-83B4-702947DA0F8D}"
EndProject
Project("{9A19103F-16F7-4668-BE54-9A1E7A4F7556}") = "DragonSpark.Application.Hosting.Server.Testing", "DragonSpark.Application.Hosting.Server.Testing\DragonSpark.Application.Hosting.Server.Testing.csproj", "{AEF4BAFA-D8C5-48F7-B787-4FE1B0106DE5}"
EndProject
Project("{9A19103F-16F7-4668-BE54-9A1E7A4F7556}") = "DragonSpark.Testing.Server", "DragonSpark.Testing.Server\DragonSpark.Testing.Server.csproj", "{C8E96381-C9AB-4D29-BA7C-A107A6DF3087}"
EndProject
Project("{9A19103F-16F7-4668-BE54-9A1E7A4F7556}") = "DragonSpark.Application.Hosting.Server.Testing.Environment", "DragonSpark.Application.Hosting.Server.Testing.Environment\DragonSpark.Application.Hosting.Server.Testing.Environment.csproj", "{FB52AAAD-1CFB-476A-8702-B1F93A4F1F99}"
EndProject
Project("{9A19103F-16F7-4668-BE54-9A1E7A4F7556}") = "DragonSpark.Application.Hosting.Server.Testing.Environment.Development", "DragonSpark.Application.Hosting.Server.Testing.Environment.Development\DragonSpark.Application.Hosting.Server.Testing.Environment.Development.csproj", "{8CBFBE82-7D65-4747-993E-4B700430E072}"
EndProject
Project("{9A19103F-16F7-4668-BE54-9A1E7A4F7556}") = "DragonSpark.Application.Hosting.Server.Testing.Environment.Production", "DragonSpark.Application.Hosting.Server.Testing.Environment.Production\DragonSpark.Application.Hosting.Server.Testing.Environment.Production.csproj", "{4FC18524-4117-40EE-A696-97F279DA7639}"
EndProject
Project("{2150E333-8FDC-42A3-9474-1A3956D46DE8}") = "Environment", "Environment", "{7D3ED06D-8BE3-43EC-9A24-F42E2B93491A}"
EndProject
Project("{9A19103F-16F7-4668-BE54-9A1E7A4F7556}") = "DragonSpark.Application.Testing", "DragonSpark.Application.Testing\DragonSpark.Application.Testing.csproj", "{F1CB3AA5-6BAF-4F70-A266-F35C0AC8E016}"
EndProject
Project("{9A19103F-16F7-4668-BE54-9A1E7A4F7556}") = "DragonSpark.Application", "DragonSpark.Application\DragonSpark.Application.csproj", "{AA88172F-1CC2-431A-8FC4-CE4701E25242}"
EndProject
Project("{9A19103F-16F7-4668-BE54-9A1E7A4F7556}") = "DragonSpark.Application.Environment.Development", "DragonSpark.Application.Environment.Development\DragonSpark.Application.Environment.Development.csproj", "{42BF04BC-6AF4-4E70-B794-DB0A31197585}"
EndProject
Project("{9A19103F-16F7-4668-BE54-9A1E7A4F7556}") = "DragonSpark.Application.Hosting.Server.Blazor.Environment", "DragonSpark.Application.Hosting.Server.Blazor.Environment\DragonSpark.Application.Hosting.Server.Blazor.Environment.csproj", "{AB6B025C-D3A6-4216-8083-663EE21808F5}"
EndProject
Project("{9A19103F-16F7-4668-BE54-9A1E7A4F7556}") = "DragonSpark.Application.Environment", "DragonSpark.Application.Environment\DragonSpark.Application.Environment.csproj", "{909391EF-1E4B-46D8-B246-2A3BA3C78E65}"
EndProject
Project("{2150E333-8FDC-42A3-9474-1A3956D46DE8}") = "Environment", "Environment", "{5A258A1B-48EE-4AFD-B9B4-83B9A910606B}"
EndProject
Project("{9A19103F-16F7-4668-BE54-9A1E7A4F7556}") = "DragonSpark.Presentation.Testing", "DragonSpark.Presentation.Testing\DragonSpark.Presentation.Testing.csproj", "{767355A8-B2AE-43B8-B0F2-5625CCD1139E}"
EndProject
Project("{9A19103F-16F7-4668-BE54-9A1E7A4F7556}") = "DragonSpark.Azure", "DragonSpark.Azure\DragonSpark.Azure.csproj", "{EF3CE8BE-B3F3-4DDD-9162-6E6EE9B21BC9}"
EndProject
Project("{9A19103F-16F7-4668-BE54-9A1E7A4F7556}") = "DragonSpark.Diagnostics", "DragonSpark.Diagnostics\DragonSpark.Diagnostics.csproj", "{FFA49151-B57A-4CAA-A434-B509781FDBC9}"
EndProject
Project("{9A19103F-16F7-4668-BE54-9A1E7A4F7556}") = "DragonSpark.ElasticEmail", "DragonSpark.ElasticEmail\DragonSpark.ElasticEmail.csproj", "{C39AC0B9-0BAB-4DBA-BA2F-A42269A02800}"
EndProject
Project("{9A19103F-16F7-4668-BE54-9A1E7A4F7556}") = "DragonSpark.Identity.Amazon", "DragonSpark.Identity.Amazon\DragonSpark.Identity.Amazon.csproj", "{F09FD99B-0D5E-4BC4-8B76-2ECCDB9B0816}"
EndProject
Project("{9A19103F-16F7-4668-BE54-9A1E7A4F7556}") = "DragonSpark.Identity.Coinbase", "DragonSpark.Identity.Coinbase\DragonSpark.Identity.Coinbase.csproj", "{E06D38CD-7CE3-4CA3-A223-840B4D6D929E}"
EndProject
Project("{9A19103F-16F7-4668-BE54-9A1E7A4F7556}") = "DragonSpark.Identity.DeviantArt", "DragonSpark.Identity.DeviantArt\DragonSpark.Identity.DeviantArt.csproj", "{E387F20B-740E-4E41-816E-09269F59309A}"
EndProject
Project("{9A19103F-16F7-4668-BE54-9A1E7A4F7556}") = "DragonSpark.Identity.Facebook", "DragonSpark.Identity.Facebook\DragonSpark.Identity.Facebook.csproj", "{A60D10F4-77B1-409D-910A-9A6E211ADB37}"
EndProject
Project("{9A19103F-16F7-4668-BE54-9A1E7A4F7556}") = "DragonSpark.Identity.Google", "DragonSpark.Identity.Google\DragonSpark.Identity.Google.csproj", "{011E0B63-8AAF-4EFE-830E-E81F7CBC2398}"
EndProject
Project("{9A19103F-16F7-4668-BE54-9A1E7A4F7556}") = "DragonSpark.Identity.Microsoft", "DragonSpark.Identity.Microsoft\DragonSpark.Identity.Microsoft.csproj", "{111EE3BE-F2E7-4799-A4E9-5676C14E162F}"
EndProject
Project("{9A19103F-16F7-4668-BE54-9A1E7A4F7556}") = "DragonSpark.Identity.Mixcloud", "DragonSpark.Identity.Mixcloud\DragonSpark.Identity.Mixcloud.csproj", "{36DA3B5E-B0F7-41D8-9920-01A48E31704F}"
EndProject
Project("{9A19103F-16F7-4668-BE54-9A1E7A4F7556}") = "DragonSpark.Identity.Patreon", "DragonSpark.Identity.Patreon\DragonSpark.Identity.Patreon.csproj", "{1A0FFC1D-2CC9-48B8-BA7D-D076B9BD9E59}"
EndProject
Project("{9A19103F-16F7-4668-BE54-9A1E7A4F7556}") = "DragonSpark.Identity.PayPal", "DragonSpark.Identity.PayPal\DragonSpark.Identity.PayPal.csproj", "{6DEE5804-0ACD-449F-8DD1-24E9B1F58D5B}"
EndProject
Project("{9A19103F-16F7-4668-BE54-9A1E7A4F7556}") = "DragonSpark.Identity.Reddit", "DragonSpark.Identity.Reddit\DragonSpark.Identity.Reddit.csproj", "{8FBEE495-5145-4E45-967E-DF3B018691A5}"
EndProject
Project("{9A19103F-16F7-4668-BE54-9A1E7A4F7556}") = "DragonSpark.Identity.Twitter", "DragonSpark.Identity.Twitter\DragonSpark.Identity.Twitter.csproj", "{32BE89DB-7515-4265-B1B5-E11D248D8DE6}"
EndProject
Project("{9A19103F-16F7-4668-BE54-9A1E7A4F7556}") = "DragonSpark.Identity.Yahoo", "DragonSpark.Identity.Yahoo\DragonSpark.Identity.Yahoo.csproj", "{03FDEF9D-0B2B-4544-849A-214921F6B94F}"
EndProject
Project("{9A19103F-16F7-4668-BE54-9A1E7A4F7556}") = "DragonSpark.SendGrid", "DragonSpark.SendGrid\DragonSpark.SendGrid.csproj", "{433FA0A8-58AE-446C-8E39-D87636684555}"
EndProject
Project("{2150E333-8FDC-42A3-9474-1A3956D46DE8}") = "Integration", "Integration", "{D7340C89-0B20-4B69-A0BB-2291B5FBCF4E}"
EndProject
Project("{2150E333-8FDC-42A3-9474-1A3956D46DE8}") = "Identity", "Identity", "{22A0C85E-BB47-40AC-B050-9A8F9162E8A9}"
EndProject
Project("{9A19103F-16F7-4668-BE54-9A1E7A4F7556}") = "DragonSpark.Application.Hosting.Azure.WebJobs", "DragonSpark.Application.Hosting.Azure.WebJobs\DragonSpark.Application.Hosting.Azure.WebJobs.csproj", "{5E3AD459-0D1F-4DFC-A13A-D4A263FDB97C}"
EndProject
Project("{9A19103F-16F7-4668-BE54-9A1E7A4F7556}") = "DragonSpark.SyncfusionRendering", "DragonSpark.Syncfusion\DragonSpark.SyncfusionRendering.csproj", "{871F6654-850C-4BE9-8E36-3FD65E70C6E9}"
EndProject
Global
	GlobalSection(SolutionConfigurationPlatforms) = preSolution
		Debug|Any CPU = Debug|Any CPU
		Release|Any CPU = Release|Any CPU
	EndGlobalSection
	GlobalSection(ProjectConfigurationPlatforms) = postSolution
		{A79A5912-9575-4916-807C-DACF5C227D6D}.Debug|Any CPU.ActiveCfg = Debug|Any CPU
		{A79A5912-9575-4916-807C-DACF5C227D6D}.Debug|Any CPU.Build.0 = Debug|Any CPU
		{A79A5912-9575-4916-807C-DACF5C227D6D}.Release|Any CPU.ActiveCfg = Release|Any CPU
		{A79A5912-9575-4916-807C-DACF5C227D6D}.Release|Any CPU.Build.0 = Release|Any CPU
		{B5AEBEE4-F777-48ED-BE39-2534FF8E7056}.Debug|Any CPU.ActiveCfg = Debug|Any CPU
		{B5AEBEE4-F777-48ED-BE39-2534FF8E7056}.Debug|Any CPU.Build.0 = Debug|Any CPU
		{B5AEBEE4-F777-48ED-BE39-2534FF8E7056}.Release|Any CPU.ActiveCfg = Release|Any CPU
		{B5AEBEE4-F777-48ED-BE39-2534FF8E7056}.Release|Any CPU.Build.0 = Release|Any CPU
		{6DA0F40E-1E05-45AE-B9DC-B05D21AD1D2F}.Debug|Any CPU.ActiveCfg = Debug|Any CPU
		{6DA0F40E-1E05-45AE-B9DC-B05D21AD1D2F}.Debug|Any CPU.Build.0 = Debug|Any CPU
		{6DA0F40E-1E05-45AE-B9DC-B05D21AD1D2F}.Release|Any CPU.ActiveCfg = Release|Any CPU
		{6DA0F40E-1E05-45AE-B9DC-B05D21AD1D2F}.Release|Any CPU.Build.0 = Release|Any CPU
		{8E53917B-7206-491E-9377-18FBBC697D09}.Debug|Any CPU.ActiveCfg = Debug|Any CPU
		{8E53917B-7206-491E-9377-18FBBC697D09}.Debug|Any CPU.Build.0 = Debug|Any CPU
		{8E53917B-7206-491E-9377-18FBBC697D09}.Release|Any CPU.ActiveCfg = Release|Any CPU
		{8E53917B-7206-491E-9377-18FBBC697D09}.Release|Any CPU.Build.0 = Release|Any CPU
		{369544CB-F1A5-49CA-A0DC-823E997A6DEB}.Debug|Any CPU.ActiveCfg = Debug|Any CPU
		{369544CB-F1A5-49CA-A0DC-823E997A6DEB}.Debug|Any CPU.Build.0 = Debug|Any CPU
		{369544CB-F1A5-49CA-A0DC-823E997A6DEB}.Release|Any CPU.ActiveCfg = Release|Any CPU
		{369544CB-F1A5-49CA-A0DC-823E997A6DEB}.Release|Any CPU.Build.0 = Release|Any CPU
		{49A92634-E70F-4D5C-A285-3D945FA370DA}.Debug|Any CPU.ActiveCfg = Debug|Any CPU
		{49A92634-E70F-4D5C-A285-3D945FA370DA}.Debug|Any CPU.Build.0 = Debug|Any CPU
		{49A92634-E70F-4D5C-A285-3D945FA370DA}.Release|Any CPU.ActiveCfg = Release|Any CPU
		{49A92634-E70F-4D5C-A285-3D945FA370DA}.Release|Any CPU.Build.0 = Release|Any CPU
		{9FDE4B93-0C3E-424B-B180-39DC58709720}.Debug|Any CPU.ActiveCfg = Debug|Any CPU
		{9FDE4B93-0C3E-424B-B180-39DC58709720}.Debug|Any CPU.Build.0 = Debug|Any CPU
		{9FDE4B93-0C3E-424B-B180-39DC58709720}.Release|Any CPU.ActiveCfg = Release|Any CPU
		{9FDE4B93-0C3E-424B-B180-39DC58709720}.Release|Any CPU.Build.0 = Release|Any CPU
		{41861BF2-367F-4D62-9868-2B9AAD2EC5D2}.Debug|Any CPU.ActiveCfg = Debug|Any CPU
		{41861BF2-367F-4D62-9868-2B9AAD2EC5D2}.Debug|Any CPU.Build.0 = Debug|Any CPU
		{41861BF2-367F-4D62-9868-2B9AAD2EC5D2}.Release|Any CPU.ActiveCfg = Release|Any CPU
		{41861BF2-367F-4D62-9868-2B9AAD2EC5D2}.Release|Any CPU.Build.0 = Release|Any CPU
		{BE168114-7861-45FC-B9FD-2A25F43275CD}.Debug|Any CPU.ActiveCfg = Debug|Any CPU
		{BE168114-7861-45FC-B9FD-2A25F43275CD}.Debug|Any CPU.Build.0 = Debug|Any CPU
		{BE168114-7861-45FC-B9FD-2A25F43275CD}.Release|Any CPU.ActiveCfg = Release|Any CPU
		{BE168114-7861-45FC-B9FD-2A25F43275CD}.Release|Any CPU.Build.0 = Release|Any CPU
		{9D58C0E1-D21D-4E46-A3A7-B7BBE43FC6C8}.Debug|Any CPU.ActiveCfg = Debug|Any CPU
		{9D58C0E1-D21D-4E46-A3A7-B7BBE43FC6C8}.Debug|Any CPU.Build.0 = Debug|Any CPU
		{9D58C0E1-D21D-4E46-A3A7-B7BBE43FC6C8}.Release|Any CPU.ActiveCfg = Release|Any CPU
		{9D58C0E1-D21D-4E46-A3A7-B7BBE43FC6C8}.Release|Any CPU.Build.0 = Release|Any CPU
		{FEBB32A2-7B54-43C6-B345-96AD1DFAAA27}.Debug|Any CPU.ActiveCfg = Debug|Any CPU
		{FEBB32A2-7B54-43C6-B345-96AD1DFAAA27}.Debug|Any CPU.Build.0 = Debug|Any CPU
		{FEBB32A2-7B54-43C6-B345-96AD1DFAAA27}.Release|Any CPU.ActiveCfg = Release|Any CPU
		{FEBB32A2-7B54-43C6-B345-96AD1DFAAA27}.Release|Any CPU.Build.0 = Release|Any CPU
		{60535189-644C-4D5F-86DA-09AF755999C1}.Debug|Any CPU.ActiveCfg = Debug|Any CPU
		{60535189-644C-4D5F-86DA-09AF755999C1}.Debug|Any CPU.Build.0 = Debug|Any CPU
		{60535189-644C-4D5F-86DA-09AF755999C1}.Release|Any CPU.ActiveCfg = Release|Any CPU
		{60535189-644C-4D5F-86DA-09AF755999C1}.Release|Any CPU.Build.0 = Release|Any CPU
		{11744BDF-D4AB-46CC-ADC8-DB9DFF6DAC29}.Debug|Any CPU.ActiveCfg = Debug|Any CPU
		{11744BDF-D4AB-46CC-ADC8-DB9DFF6DAC29}.Debug|Any CPU.Build.0 = Debug|Any CPU
		{11744BDF-D4AB-46CC-ADC8-DB9DFF6DAC29}.Release|Any CPU.ActiveCfg = Release|Any CPU
		{11744BDF-D4AB-46CC-ADC8-DB9DFF6DAC29}.Release|Any CPU.Build.0 = Release|Any CPU
		{1537F341-C654-48D1-89ED-4161E497CBF4}.Debug|Any CPU.ActiveCfg = Debug|Any CPU
		{1537F341-C654-48D1-89ED-4161E497CBF4}.Debug|Any CPU.Build.0 = Debug|Any CPU
		{1537F341-C654-48D1-89ED-4161E497CBF4}.Release|Any CPU.ActiveCfg = Release|Any CPU
		{1537F341-C654-48D1-89ED-4161E497CBF4}.Release|Any CPU.Build.0 = Release|Any CPU
		{301B35DC-B409-4D5D-A439-5BEF008B6423}.Debug|Any CPU.ActiveCfg = Debug|Any CPU
		{301B35DC-B409-4D5D-A439-5BEF008B6423}.Debug|Any CPU.Build.0 = Debug|Any CPU
		{301B35DC-B409-4D5D-A439-5BEF008B6423}.Release|Any CPU.ActiveCfg = Release|Any CPU
		{301B35DC-B409-4D5D-A439-5BEF008B6423}.Release|Any CPU.Build.0 = Release|Any CPU
		{260A1394-2915-40D5-83B4-702947DA0F8D}.Debug|Any CPU.ActiveCfg = Debug|Any CPU
		{260A1394-2915-40D5-83B4-702947DA0F8D}.Debug|Any CPU.Build.0 = Debug|Any CPU
		{260A1394-2915-40D5-83B4-702947DA0F8D}.Release|Any CPU.ActiveCfg = Release|Any CPU
		{260A1394-2915-40D5-83B4-702947DA0F8D}.Release|Any CPU.Build.0 = Release|Any CPU
		{AEF4BAFA-D8C5-48F7-B787-4FE1B0106DE5}.Debug|Any CPU.ActiveCfg = Debug|Any CPU
		{AEF4BAFA-D8C5-48F7-B787-4FE1B0106DE5}.Debug|Any CPU.Build.0 = Debug|Any CPU
		{AEF4BAFA-D8C5-48F7-B787-4FE1B0106DE5}.Release|Any CPU.ActiveCfg = Release|Any CPU
		{AEF4BAFA-D8C5-48F7-B787-4FE1B0106DE5}.Release|Any CPU.Build.0 = Release|Any CPU
		{C8E96381-C9AB-4D29-BA7C-A107A6DF3087}.Debug|Any CPU.ActiveCfg = Debug|Any CPU
		{C8E96381-C9AB-4D29-BA7C-A107A6DF3087}.Debug|Any CPU.Build.0 = Debug|Any CPU
		{C8E96381-C9AB-4D29-BA7C-A107A6DF3087}.Release|Any CPU.ActiveCfg = Release|Any CPU
		{C8E96381-C9AB-4D29-BA7C-A107A6DF3087}.Release|Any CPU.Build.0 = Release|Any CPU
		{FB52AAAD-1CFB-476A-8702-B1F93A4F1F99}.Debug|Any CPU.ActiveCfg = Debug|Any CPU
		{FB52AAAD-1CFB-476A-8702-B1F93A4F1F99}.Debug|Any CPU.Build.0 = Debug|Any CPU
		{FB52AAAD-1CFB-476A-8702-B1F93A4F1F99}.Release|Any CPU.ActiveCfg = Release|Any CPU
		{FB52AAAD-1CFB-476A-8702-B1F93A4F1F99}.Release|Any CPU.Build.0 = Release|Any CPU
		{8CBFBE82-7D65-4747-993E-4B700430E072}.Debug|Any CPU.ActiveCfg = Debug|Any CPU
		{8CBFBE82-7D65-4747-993E-4B700430E072}.Debug|Any CPU.Build.0 = Debug|Any CPU
		{8CBFBE82-7D65-4747-993E-4B700430E072}.Release|Any CPU.ActiveCfg = Release|Any CPU
		{8CBFBE82-7D65-4747-993E-4B700430E072}.Release|Any CPU.Build.0 = Release|Any CPU
		{4FC18524-4117-40EE-A696-97F279DA7639}.Debug|Any CPU.ActiveCfg = Debug|Any CPU
		{4FC18524-4117-40EE-A696-97F279DA7639}.Debug|Any CPU.Build.0 = Debug|Any CPU
		{4FC18524-4117-40EE-A696-97F279DA7639}.Release|Any CPU.ActiveCfg = Release|Any CPU
		{4FC18524-4117-40EE-A696-97F279DA7639}.Release|Any CPU.Build.0 = Release|Any CPU
		{F1CB3AA5-6BAF-4F70-A266-F35C0AC8E016}.Debug|Any CPU.ActiveCfg = Debug|Any CPU
		{F1CB3AA5-6BAF-4F70-A266-F35C0AC8E016}.Debug|Any CPU.Build.0 = Debug|Any CPU
		{F1CB3AA5-6BAF-4F70-A266-F35C0AC8E016}.Release|Any CPU.ActiveCfg = Release|Any CPU
		{F1CB3AA5-6BAF-4F70-A266-F35C0AC8E016}.Release|Any CPU.Build.0 = Release|Any CPU
		{AA88172F-1CC2-431A-8FC4-CE4701E25242}.Debug|Any CPU.ActiveCfg = Debug|Any CPU
		{AA88172F-1CC2-431A-8FC4-CE4701E25242}.Debug|Any CPU.Build.0 = Debug|Any CPU
		{AA88172F-1CC2-431A-8FC4-CE4701E25242}.Release|Any CPU.ActiveCfg = Release|Any CPU
		{AA88172F-1CC2-431A-8FC4-CE4701E25242}.Release|Any CPU.Build.0 = Release|Any CPU
		{42BF04BC-6AF4-4E70-B794-DB0A31197585}.Debug|Any CPU.ActiveCfg = Debug|Any CPU
		{42BF04BC-6AF4-4E70-B794-DB0A31197585}.Debug|Any CPU.Build.0 = Debug|Any CPU
		{42BF04BC-6AF4-4E70-B794-DB0A31197585}.Release|Any CPU.ActiveCfg = Release|Any CPU
		{42BF04BC-6AF4-4E70-B794-DB0A31197585}.Release|Any CPU.Build.0 = Release|Any CPU
		{AB6B025C-D3A6-4216-8083-663EE21808F5}.Debug|Any CPU.ActiveCfg = Debug|Any CPU
		{AB6B025C-D3A6-4216-8083-663EE21808F5}.Debug|Any CPU.Build.0 = Debug|Any CPU
		{AB6B025C-D3A6-4216-8083-663EE21808F5}.Release|Any CPU.ActiveCfg = Release|Any CPU
		{AB6B025C-D3A6-4216-8083-663EE21808F5}.Release|Any CPU.Build.0 = Release|Any CPU
		{909391EF-1E4B-46D8-B246-2A3BA3C78E65}.Debug|Any CPU.ActiveCfg = Debug|Any CPU
		{909391EF-1E4B-46D8-B246-2A3BA3C78E65}.Debug|Any CPU.Build.0 = Debug|Any CPU
		{909391EF-1E4B-46D8-B246-2A3BA3C78E65}.Release|Any CPU.ActiveCfg = Release|Any CPU
		{909391EF-1E4B-46D8-B246-2A3BA3C78E65}.Release|Any CPU.Build.0 = Release|Any CPU
		{767355A8-B2AE-43B8-B0F2-5625CCD1139E}.Debug|Any CPU.ActiveCfg = Debug|Any CPU
		{767355A8-B2AE-43B8-B0F2-5625CCD1139E}.Debug|Any CPU.Build.0 = Debug|Any CPU
		{767355A8-B2AE-43B8-B0F2-5625CCD1139E}.Release|Any CPU.ActiveCfg = Release|Any CPU
		{767355A8-B2AE-43B8-B0F2-5625CCD1139E}.Release|Any CPU.Build.0 = Release|Any CPU
		{EF3CE8BE-B3F3-4DDD-9162-6E6EE9B21BC9}.Debug|Any CPU.ActiveCfg = Debug|Any CPU
		{EF3CE8BE-B3F3-4DDD-9162-6E6EE9B21BC9}.Debug|Any CPU.Build.0 = Debug|Any CPU
		{EF3CE8BE-B3F3-4DDD-9162-6E6EE9B21BC9}.Release|Any CPU.ActiveCfg = Release|Any CPU
		{EF3CE8BE-B3F3-4DDD-9162-6E6EE9B21BC9}.Release|Any CPU.Build.0 = Release|Any CPU
		{FFA49151-B57A-4CAA-A434-B509781FDBC9}.Debug|Any CPU.ActiveCfg = Debug|Any CPU
		{FFA49151-B57A-4CAA-A434-B509781FDBC9}.Debug|Any CPU.Build.0 = Debug|Any CPU
		{FFA49151-B57A-4CAA-A434-B509781FDBC9}.Release|Any CPU.ActiveCfg = Release|Any CPU
		{FFA49151-B57A-4CAA-A434-B509781FDBC9}.Release|Any CPU.Build.0 = Release|Any CPU
		{C39AC0B9-0BAB-4DBA-BA2F-A42269A02800}.Debug|Any CPU.ActiveCfg = Debug|Any CPU
		{C39AC0B9-0BAB-4DBA-BA2F-A42269A02800}.Debug|Any CPU.Build.0 = Debug|Any CPU
		{C39AC0B9-0BAB-4DBA-BA2F-A42269A02800}.Release|Any CPU.ActiveCfg = Release|Any CPU
		{C39AC0B9-0BAB-4DBA-BA2F-A42269A02800}.Release|Any CPU.Build.0 = Release|Any CPU
		{F09FD99B-0D5E-4BC4-8B76-2ECCDB9B0816}.Debug|Any CPU.ActiveCfg = Debug|Any CPU
		{F09FD99B-0D5E-4BC4-8B76-2ECCDB9B0816}.Debug|Any CPU.Build.0 = Debug|Any CPU
		{F09FD99B-0D5E-4BC4-8B76-2ECCDB9B0816}.Release|Any CPU.ActiveCfg = Release|Any CPU
		{F09FD99B-0D5E-4BC4-8B76-2ECCDB9B0816}.Release|Any CPU.Build.0 = Release|Any CPU
		{E06D38CD-7CE3-4CA3-A223-840B4D6D929E}.Debug|Any CPU.ActiveCfg = Debug|Any CPU
		{E06D38CD-7CE3-4CA3-A223-840B4D6D929E}.Debug|Any CPU.Build.0 = Debug|Any CPU
		{E06D38CD-7CE3-4CA3-A223-840B4D6D929E}.Release|Any CPU.ActiveCfg = Release|Any CPU
		{E06D38CD-7CE3-4CA3-A223-840B4D6D929E}.Release|Any CPU.Build.0 = Release|Any CPU
		{E387F20B-740E-4E41-816E-09269F59309A}.Debug|Any CPU.ActiveCfg = Debug|Any CPU
		{E387F20B-740E-4E41-816E-09269F59309A}.Debug|Any CPU.Build.0 = Debug|Any CPU
		{E387F20B-740E-4E41-816E-09269F59309A}.Release|Any CPU.ActiveCfg = Release|Any CPU
		{E387F20B-740E-4E41-816E-09269F59309A}.Release|Any CPU.Build.0 = Release|Any CPU
		{A60D10F4-77B1-409D-910A-9A6E211ADB37}.Debug|Any CPU.ActiveCfg = Debug|Any CPU
		{A60D10F4-77B1-409D-910A-9A6E211ADB37}.Debug|Any CPU.Build.0 = Debug|Any CPU
		{A60D10F4-77B1-409D-910A-9A6E211ADB37}.Release|Any CPU.ActiveCfg = Release|Any CPU
		{A60D10F4-77B1-409D-910A-9A6E211ADB37}.Release|Any CPU.Build.0 = Release|Any CPU
		{011E0B63-8AAF-4EFE-830E-E81F7CBC2398}.Debug|Any CPU.ActiveCfg = Debug|Any CPU
		{011E0B63-8AAF-4EFE-830E-E81F7CBC2398}.Debug|Any CPU.Build.0 = Debug|Any CPU
		{011E0B63-8AAF-4EFE-830E-E81F7CBC2398}.Release|Any CPU.ActiveCfg = Release|Any CPU
		{011E0B63-8AAF-4EFE-830E-E81F7CBC2398}.Release|Any CPU.Build.0 = Release|Any CPU
		{111EE3BE-F2E7-4799-A4E9-5676C14E162F}.Debug|Any CPU.ActiveCfg = Debug|Any CPU
		{111EE3BE-F2E7-4799-A4E9-5676C14E162F}.Debug|Any CPU.Build.0 = Debug|Any CPU
		{111EE3BE-F2E7-4799-A4E9-5676C14E162F}.Release|Any CPU.ActiveCfg = Release|Any CPU
		{111EE3BE-F2E7-4799-A4E9-5676C14E162F}.Release|Any CPU.Build.0 = Release|Any CPU
		{36DA3B5E-B0F7-41D8-9920-01A48E31704F}.Debug|Any CPU.ActiveCfg = Debug|Any CPU
		{36DA3B5E-B0F7-41D8-9920-01A48E31704F}.Debug|Any CPU.Build.0 = Debug|Any CPU
		{36DA3B5E-B0F7-41D8-9920-01A48E31704F}.Release|Any CPU.ActiveCfg = Release|Any CPU
		{36DA3B5E-B0F7-41D8-9920-01A48E31704F}.Release|Any CPU.Build.0 = Release|Any CPU
		{1A0FFC1D-2CC9-48B8-BA7D-D076B9BD9E59}.Debug|Any CPU.ActiveCfg = Debug|Any CPU
		{1A0FFC1D-2CC9-48B8-BA7D-D076B9BD9E59}.Debug|Any CPU.Build.0 = Debug|Any CPU
		{1A0FFC1D-2CC9-48B8-BA7D-D076B9BD9E59}.Release|Any CPU.ActiveCfg = Release|Any CPU
		{1A0FFC1D-2CC9-48B8-BA7D-D076B9BD9E59}.Release|Any CPU.Build.0 = Release|Any CPU
		{6DEE5804-0ACD-449F-8DD1-24E9B1F58D5B}.Debug|Any CPU.ActiveCfg = Debug|Any CPU
		{6DEE5804-0ACD-449F-8DD1-24E9B1F58D5B}.Debug|Any CPU.Build.0 = Debug|Any CPU
		{6DEE5804-0ACD-449F-8DD1-24E9B1F58D5B}.Release|Any CPU.ActiveCfg = Release|Any CPU
		{6DEE5804-0ACD-449F-8DD1-24E9B1F58D5B}.Release|Any CPU.Build.0 = Release|Any CPU
		{8FBEE495-5145-4E45-967E-DF3B018691A5}.Debug|Any CPU.ActiveCfg = Debug|Any CPU
		{8FBEE495-5145-4E45-967E-DF3B018691A5}.Debug|Any CPU.Build.0 = Debug|Any CPU
		{8FBEE495-5145-4E45-967E-DF3B018691A5}.Release|Any CPU.ActiveCfg = Release|Any CPU
		{8FBEE495-5145-4E45-967E-DF3B018691A5}.Release|Any CPU.Build.0 = Release|Any CPU
		{32BE89DB-7515-4265-B1B5-E11D248D8DE6}.Debug|Any CPU.ActiveCfg = Debug|Any CPU
		{32BE89DB-7515-4265-B1B5-E11D248D8DE6}.Debug|Any CPU.Build.0 = Debug|Any CPU
		{32BE89DB-7515-4265-B1B5-E11D248D8DE6}.Release|Any CPU.ActiveCfg = Release|Any CPU
		{32BE89DB-7515-4265-B1B5-E11D248D8DE6}.Release|Any CPU.Build.0 = Release|Any CPU
		{03FDEF9D-0B2B-4544-849A-214921F6B94F}.Debug|Any CPU.ActiveCfg = Debug|Any CPU
		{03FDEF9D-0B2B-4544-849A-214921F6B94F}.Debug|Any CPU.Build.0 = Debug|Any CPU
		{03FDEF9D-0B2B-4544-849A-214921F6B94F}.Release|Any CPU.ActiveCfg = Release|Any CPU
		{03FDEF9D-0B2B-4544-849A-214921F6B94F}.Release|Any CPU.Build.0 = Release|Any CPU
		{433FA0A8-58AE-446C-8E39-D87636684555}.Debug|Any CPU.ActiveCfg = Debug|Any CPU
		{433FA0A8-58AE-446C-8E39-D87636684555}.Debug|Any CPU.Build.0 = Debug|Any CPU
		{433FA0A8-58AE-446C-8E39-D87636684555}.Release|Any CPU.ActiveCfg = Release|Any CPU
		{433FA0A8-58AE-446C-8E39-D87636684555}.Release|Any CPU.Build.0 = Release|Any CPU
		{5E3AD459-0D1F-4DFC-A13A-D4A263FDB97C}.Debug|Any CPU.ActiveCfg = Debug|Any CPU
		{5E3AD459-0D1F-4DFC-A13A-D4A263FDB97C}.Debug|Any CPU.Build.0 = Debug|Any CPU
		{5E3AD459-0D1F-4DFC-A13A-D4A263FDB97C}.Release|Any CPU.ActiveCfg = Release|Any CPU
		{5E3AD459-0D1F-4DFC-A13A-D4A263FDB97C}.Release|Any CPU.Build.0 = Release|Any CPU
		{871F6654-850C-4BE9-8E36-3FD65E70C6E9}.Debug|Any CPU.ActiveCfg = Debug|Any CPU
		{871F6654-850C-4BE9-8E36-3FD65E70C6E9}.Debug|Any CPU.Build.0 = Debug|Any CPU
		{871F6654-850C-4BE9-8E36-3FD65E70C6E9}.Release|Any CPU.ActiveCfg = Release|Any CPU
		{871F6654-850C-4BE9-8E36-3FD65E70C6E9}.Release|Any CPU.Build.0 = Release|Any CPU
	EndGlobalSection
	GlobalSection(SolutionProperties) = preSolution
		HideSolutionNode = FALSE
	EndGlobalSection
	GlobalSection(NestedProjects) = preSolution
		{B5AEBEE4-F777-48ED-BE39-2534FF8E7056} = {273E561B-EB06-4B9D-B073-BFD88F87441C}
		{6DA0F40E-1E05-45AE-B9DC-B05D21AD1D2F} = {5A258A1B-48EE-4AFD-B9B4-83B9A910606B}
		{8E53917B-7206-491E-9377-18FBBC697D09} = {5A258A1B-48EE-4AFD-B9B4-83B9A910606B}
		{369544CB-F1A5-49CA-A0DC-823E997A6DEB} = {7D3ED06D-8BE3-43EC-9A24-F42E2B93491A}
		{49A92634-E70F-4D5C-A285-3D945FA370DA} = {7D3ED06D-8BE3-43EC-9A24-F42E2B93491A}
		{9FDE4B93-0C3E-424B-B180-39DC58709720} = {273E561B-EB06-4B9D-B073-BFD88F87441C}
		{41861BF2-367F-4D62-9868-2B9AAD2EC5D2} = {D273BAB9-2B15-4EB3-905F-FE0D291BE1DE}
		{BE168114-7861-45FC-B9FD-2A25F43275CD} = {D273BAB9-2B15-4EB3-905F-FE0D291BE1DE}
		{FEBB32A2-7B54-43C6-B345-96AD1DFAAA27} = {D273BAB9-2B15-4EB3-905F-FE0D291BE1DE}
		{1537F341-C654-48D1-89ED-4161E497CBF4} = {D273BAB9-2B15-4EB3-905F-FE0D291BE1DE}
		{301B35DC-B409-4D5D-A439-5BEF008B6423} = {D273BAB9-2B15-4EB3-905F-FE0D291BE1DE}
		{260A1394-2915-40D5-83B4-702947DA0F8D} = {5A258A1B-48EE-4AFD-B9B4-83B9A910606B}
		{AEF4BAFA-D8C5-48F7-B787-4FE1B0106DE5} = {273E561B-EB06-4B9D-B073-BFD88F87441C}
		{C8E96381-C9AB-4D29-BA7C-A107A6DF3087} = {273E561B-EB06-4B9D-B073-BFD88F87441C}
		{FB52AAAD-1CFB-476A-8702-B1F93A4F1F99} = {7D3ED06D-8BE3-43EC-9A24-F42E2B93491A}
		{8CBFBE82-7D65-4747-993E-4B700430E072} = {7D3ED06D-8BE3-43EC-9A24-F42E2B93491A}
		{4FC18524-4117-40EE-A696-97F279DA7639} = {7D3ED06D-8BE3-43EC-9A24-F42E2B93491A}
		{7D3ED06D-8BE3-43EC-9A24-F42E2B93491A} = {273E561B-EB06-4B9D-B073-BFD88F87441C}
		{F1CB3AA5-6BAF-4F70-A266-F35C0AC8E016} = {273E561B-EB06-4B9D-B073-BFD88F87441C}
		{42BF04BC-6AF4-4E70-B794-DB0A31197585} = {5A258A1B-48EE-4AFD-B9B4-83B9A910606B}
		{AB6B025C-D3A6-4216-8083-663EE21808F5} = {5A258A1B-48EE-4AFD-B9B4-83B9A910606B}
		{909391EF-1E4B-46D8-B246-2A3BA3C78E65} = {5A258A1B-48EE-4AFD-B9B4-83B9A910606B}
		{767355A8-B2AE-43B8-B0F2-5625CCD1139E} = {273E561B-EB06-4B9D-B073-BFD88F87441C}
		{EF3CE8BE-B3F3-4DDD-9162-6E6EE9B21BC9} = {D7340C89-0B20-4B69-A0BB-2291B5FBCF4E}
		{C39AC0B9-0BAB-4DBA-BA2F-A42269A02800} = {D7340C89-0B20-4B69-A0BB-2291B5FBCF4E}
		{F09FD99B-0D5E-4BC4-8B76-2ECCDB9B0816} = {22A0C85E-BB47-40AC-B050-9A8F9162E8A9}
		{E06D38CD-7CE3-4CA3-A223-840B4D6D929E} = {22A0C85E-BB47-40AC-B050-9A8F9162E8A9}
		{E387F20B-740E-4E41-816E-09269F59309A} = {22A0C85E-BB47-40AC-B050-9A8F9162E8A9}
		{A60D10F4-77B1-409D-910A-9A6E211ADB37} = {22A0C85E-BB47-40AC-B050-9A8F9162E8A9}
		{011E0B63-8AAF-4EFE-830E-E81F7CBC2398} = {22A0C85E-BB47-40AC-B050-9A8F9162E8A9}
		{111EE3BE-F2E7-4799-A4E9-5676C14E162F} = {22A0C85E-BB47-40AC-B050-9A8F9162E8A9}
		{36DA3B5E-B0F7-41D8-9920-01A48E31704F} = {22A0C85E-BB47-40AC-B050-9A8F9162E8A9}
		{1A0FFC1D-2CC9-48B8-BA7D-D076B9BD9E59} = {22A0C85E-BB47-40AC-B050-9A8F9162E8A9}
		{6DEE5804-0ACD-449F-8DD1-24E9B1F58D5B} = {22A0C85E-BB47-40AC-B050-9A8F9162E8A9}
		{8FBEE495-5145-4E45-967E-DF3B018691A5} = {22A0C85E-BB47-40AC-B050-9A8F9162E8A9}
		{32BE89DB-7515-4265-B1B5-E11D248D8DE6} = {22A0C85E-BB47-40AC-B050-9A8F9162E8A9}
		{03FDEF9D-0B2B-4544-849A-214921F6B94F} = {22A0C85E-BB47-40AC-B050-9A8F9162E8A9}
		{433FA0A8-58AE-446C-8E39-D87636684555} = {D7340C89-0B20-4B69-A0BB-2291B5FBCF4E}
		{22A0C85E-BB47-40AC-B050-9A8F9162E8A9} = {D7340C89-0B20-4B69-A0BB-2291B5FBCF4E}
		{5E3AD459-0D1F-4DFC-A13A-D4A263FDB97C} = {D273BAB9-2B15-4EB3-905F-FE0D291BE1DE}
		{871F6654-850C-4BE9-8E36-3FD65E70C6E9} = {D7340C89-0B20-4B69-A0BB-2291B5FBCF4E}
	EndGlobalSection
	GlobalSection(ExtensibilityGlobals) = postSolution
		SolutionGuid = {D7E910BA-B9EE-40A8-9C18-08D091DA997F}
	EndGlobalSection
EndGlobal
