Microsoft Visual Studio Solution File, Format Version 12.00
# Visual Studio 14
VisualStudioVersion = 14.0.24627.0
MinimumVisualStudioVersion = 10.0.40219.1
Project("{2150E333-8FDC-42A3-9474-1A3956D46DE8}") = "Solution Items", "Solution Items", "{F43576E0-8E63-44A2-B19D-E79CEF0C7771}"
	ProjectSection(SolutionItems) = preProject
		DragonSpark.framework.vsmdi = DragonSpark.framework.vsmdi
		DragonSpark.ruleset = DragonSpark.ruleset
		DragonSpark.runsettings = DragonSpark.runsettings
		EventSource.ps1 = EventSource.ps1
		LICENSE = LICENSE
		LocalTestRun.testrunconfig = LocalTestRun.testrunconfig
		README.md = README.md
	EndProjectSection
EndProject
Project("{FAE04EC0-301F-11D3-BF4B-00C04F79EFBC}") = "DragonSpark.Testing", "DragonSpark.Testing\DragonSpark.Testing.csproj", "{6AA926EF-572C-46A3-93F5-10363748F148}"
EndProject
Project("{FAE04EC0-301F-11D3-BF4B-00C04F79EFBC}") = "DragonSpark", "DragonSpark\DragonSpark.csproj", "{167DF420-328C-4ACC-ABD0-42DBE268EFDF}"
EndProject
Project("{FAE04EC0-301F-11D3-BF4B-00C04F79EFBC}") = "DragonSpark.Testing.Framework", "DragonSpark.Testing.Framework\DragonSpark.Testing.Framework.csproj", "{96F63F2B-7D11-4D0F-A932-26C29F8E48BF}"
EndProject
Project("{2150E333-8FDC-42A3-9474-1A3956D46DE8}") = "Testing", "Testing", "{3A30E5F6-BF9A-4FD7-903F-958F4789BD52}"
EndProject
Project("{FAE04EC0-301F-11D3-BF4B-00C04F79EFBC}") = "DragonSpark.Application.Server.Legacy", "DragonSpark.Application.Server.Legacy\DragonSpark.Application.Server.Legacy.csproj", "{3CCA84F9-0680-438A-9A0D-8DBADA88B909}"
EndProject
Project("{2150E333-8FDC-42A3-9474-1A3956D46DE8}") = ".nuget", ".nuget", "{98474E73-902E-44DD-B59B-F9B8C46F7716}"
	ProjectSection(SolutionItems) = preProject
		.nuget\NuGet.Config = .nuget\NuGet.Config
		.nuget\NuGet.exe = .nuget\NuGet.exe
		.nuget\NuGet.targets = .nuget\NuGet.targets
	EndProjectSection
EndProject
Project("{FAE04EC0-301F-11D3-BF4B-00C04F79EFBC}") = "DragonSpark.Client", "DragonSpark.Client\DragonSpark.Client.csproj", "{37CB4B8E-4D06-47D1-989F-67091821F96C}"
EndProject
Project("{2150E333-8FDC-42A3-9474-1A3956D46DE8}") = "Platform", "Platform", "{7C73884D-953A-4AF2-88A6-DA991CB6E6FD}"
EndProject
Project("{FAE04EC0-301F-11D3-BF4B-00C04F79EFBC}") = "DragonSpark.Application.Server", "DragonSpark.Application.Server\DragonSpark.Application.Server.csproj", "{3C36DDEC-2BDC-4C7F-B66E-8207B125CD67}"
EndProject
Project("{FAE04EC0-301F-11D3-BF4B-00C04F79EFBC}") = "DragonSpark.Application.Client", "DragonSpark.Application.Client\DragonSpark.Application.Client.csproj", "{EB77A62A-7527-4BBE-A335-28BA901D8FB2}"
EndProject
Project("{FAE04EC0-301F-11D3-BF4B-00C04F79EFBC}") = "Microsoft.Expression.Interactions.Extensions", "Microsoft.Expression.Interactions.Extensions\Microsoft.Expression.Interactions.Extensions.csproj", "{398442C7-F1E0-4164-AFB7-B1F0D8DDB1CA}"
EndProject
Project("{FAE04EC0-301F-11D3-BF4B-00C04F79EFBC}") = "DragonSpark.Testing.Client", "DragonSpark.Testing.Client\DragonSpark.Testing.Client.csproj", "{843C0764-97CD-42EB-8934-858F95A80A7A}"
EndProject
Project("{2150E333-8FDC-42A3-9474-1A3956D46DE8}") = "Core", "Core", "{3DE4CCC7-DAFD-4E0C-A921-C03F828D56A6}"
EndProject
Project("{FAE04EC0-301F-11D3-BF4B-00C04F79EFBC}") = "DragonSpark.Testing.Client.Modularity", "DragonSpark.Testing.Client.Modularity\DragonSpark.Testing.Client.Modularity.csproj", "{C6E1CBBB-7244-43A6-89CC-5FE0A9E51494}"
EndProject
Project("{2150E333-8FDC-42A3-9474-1A3956D46DE8}") = ".Legacy", ".Legacy", "{BF100410-7589-4D81-BEA0-99A6628E2220}"
EndProject
Project("{FAE04EC0-301F-11D3-BF4B-00C04F79EFBC}") = "DragonSpark.Testing.Client.Application", "DragonSpark.Testing.Client.Application\DragonSpark.Testing.Client.Application.csproj", "{70260364-ED20-40E0-85CF-78CC97AF477C}"
EndProject
Project("{FAE04EC0-301F-11D3-BF4B-00C04F79EFBC}") = "DragonSpark.Windows", "DragonSpark.Windows\DragonSpark.Windows.csproj", "{B51D28D3-BC96-41EA-885F-F7BE1543D6F4}"
EndProject
Project("{2150E333-8FDC-42A3-9474-1A3956D46DE8}") = "Types", "Types", "{0BD08EBD-4F8A-4351-AFAA-EAD1677AD282}"
EndProject
Project("{FAE04EC0-301F-11D3-BF4B-00C04F79EFBC}") = "DragonSpark.Types", "DragonSpark.Types\DragonSpark.Types.csproj", "{69750CE1-63F1-4DDF-B22E-F8B40D8F16A8}"
EndProject
Project("{FAE04EC0-301F-11D3-BF4B-00C04F79EFBC}") = "DragonSpark.Types.Windows", "DragonSpark.Types.Windows\DragonSpark.Types.Windows.csproj", "{82E56091-DD33-4F8D-A9D9-8948F3D6F820}"
EndProject
Global
	GlobalSection(SolutionConfigurationPlatforms) = preSolution
		Debug|Any CPU = Debug|Any CPU
		Release|Any CPU = Release|Any CPU
	EndGlobalSection
	GlobalSection(ProjectConfigurationPlatforms) = postSolution
		{6AA926EF-572C-46A3-93F5-10363748F148}.Debug|Any CPU.ActiveCfg = Debug|Any CPU
		{6AA926EF-572C-46A3-93F5-10363748F148}.Debug|Any CPU.Build.0 = Debug|Any CPU
		{6AA926EF-572C-46A3-93F5-10363748F148}.Release|Any CPU.ActiveCfg = Release|Any CPU
		{6AA926EF-572C-46A3-93F5-10363748F148}.Release|Any CPU.Build.0 = Release|Any CPU
		{167DF420-328C-4ACC-ABD0-42DBE268EFDF}.Debug|Any CPU.ActiveCfg = Debug|Any CPU
		{167DF420-328C-4ACC-ABD0-42DBE268EFDF}.Debug|Any CPU.Build.0 = Debug|Any CPU
		{167DF420-328C-4ACC-ABD0-42DBE268EFDF}.Release|Any CPU.ActiveCfg = Release|Any CPU
		{167DF420-328C-4ACC-ABD0-42DBE268EFDF}.Release|Any CPU.Build.0 = Release|Any CPU
		{96F63F2B-7D11-4D0F-A932-26C29F8E48BF}.Debug|Any CPU.ActiveCfg = Debug|Any CPU
		{96F63F2B-7D11-4D0F-A932-26C29F8E48BF}.Debug|Any CPU.Build.0 = Debug|Any CPU
		{96F63F2B-7D11-4D0F-A932-26C29F8E48BF}.Release|Any CPU.ActiveCfg = Release|Any CPU
		{96F63F2B-7D11-4D0F-A932-26C29F8E48BF}.Release|Any CPU.Build.0 = Release|Any CPU
		{3CCA84F9-0680-438A-9A0D-8DBADA88B909}.Debug|Any CPU.ActiveCfg = Debug|Any CPU
		{3CCA84F9-0680-438A-9A0D-8DBADA88B909}.Release|Any CPU.ActiveCfg = Release|Any CPU
		{3CCA84F9-0680-438A-9A0D-8DBADA88B909}.Release|Any CPU.Build.0 = Release|Any CPU
		{37CB4B8E-4D06-47D1-989F-67091821F96C}.Debug|Any CPU.ActiveCfg = Debug|Any CPU
		{37CB4B8E-4D06-47D1-989F-67091821F96C}.Release|Any CPU.ActiveCfg = Release|Any CPU
		{37CB4B8E-4D06-47D1-989F-67091821F96C}.Release|Any CPU.Build.0 = Release|Any CPU
		{3C36DDEC-2BDC-4C7F-B66E-8207B125CD67}.Debug|Any CPU.ActiveCfg = Debug|Any CPU
		{3C36DDEC-2BDC-4C7F-B66E-8207B125CD67}.Release|Any CPU.ActiveCfg = Release|Any CPU
		{3C36DDEC-2BDC-4C7F-B66E-8207B125CD67}.Release|Any CPU.Build.0 = Release|Any CPU
		{EB77A62A-7527-4BBE-A335-28BA901D8FB2}.Debug|Any CPU.ActiveCfg = Debug|Any CPU
		{EB77A62A-7527-4BBE-A335-28BA901D8FB2}.Release|Any CPU.ActiveCfg = Release|Any CPU
		{EB77A62A-7527-4BBE-A335-28BA901D8FB2}.Release|Any CPU.Build.0 = Release|Any CPU
		{398442C7-F1E0-4164-AFB7-B1F0D8DDB1CA}.Debug|Any CPU.ActiveCfg = Debug|Any CPU
		{398442C7-F1E0-4164-AFB7-B1F0D8DDB1CA}.Release|Any CPU.ActiveCfg = Release|Any CPU
		{398442C7-F1E0-4164-AFB7-B1F0D8DDB1CA}.Release|Any CPU.Build.0 = Release|Any CPU
		{843C0764-97CD-42EB-8934-858F95A80A7A}.Debug|Any CPU.ActiveCfg = Debug|Any CPU
		{843C0764-97CD-42EB-8934-858F95A80A7A}.Release|Any CPU.ActiveCfg = Release|Any CPU
		{843C0764-97CD-42EB-8934-858F95A80A7A}.Release|Any CPU.Build.0 = Release|Any CPU
		{C6E1CBBB-7244-43A6-89CC-5FE0A9E51494}.Debug|Any CPU.ActiveCfg = Debug|Any CPU
		{C6E1CBBB-7244-43A6-89CC-5FE0A9E51494}.Release|Any CPU.ActiveCfg = Release|Any CPU
		{C6E1CBBB-7244-43A6-89CC-5FE0A9E51494}.Release|Any CPU.Build.0 = Release|Any CPU
		{70260364-ED20-40E0-85CF-78CC97AF477C}.Debug|Any CPU.ActiveCfg = Debug|Any CPU
		{70260364-ED20-40E0-85CF-78CC97AF477C}.Release|Any CPU.ActiveCfg = Release|Any CPU
		{70260364-ED20-40E0-85CF-78CC97AF477C}.Release|Any CPU.Build.0 = Release|Any CPU
		{B51D28D3-BC96-41EA-885F-F7BE1543D6F4}.Debug|Any CPU.ActiveCfg = Debug|Any CPU
		{B51D28D3-BC96-41EA-885F-F7BE1543D6F4}.Debug|Any CPU.Build.0 = Debug|Any CPU
		{B51D28D3-BC96-41EA-885F-F7BE1543D6F4}.Release|Any CPU.ActiveCfg = Release|Any CPU
		{B51D28D3-BC96-41EA-885F-F7BE1543D6F4}.Release|Any CPU.Build.0 = Release|Any CPU
		{69750CE1-63F1-4DDF-B22E-F8B40D8F16A8}.Debug|Any CPU.ActiveCfg = Debug|Any CPU
		{69750CE1-63F1-4DDF-B22E-F8B40D8F16A8}.Debug|Any CPU.Build.0 = Debug|Any CPU
		{69750CE1-63F1-4DDF-B22E-F8B40D8F16A8}.Release|Any CPU.ActiveCfg = Release|Any CPU
		{69750CE1-63F1-4DDF-B22E-F8B40D8F16A8}.Release|Any CPU.Build.0 = Release|Any CPU
		{82E56091-DD33-4F8D-A9D9-8948F3D6F820}.Debug|Any CPU.ActiveCfg = Debug|Any CPU
		{82E56091-DD33-4F8D-A9D9-8948F3D6F820}.Debug|Any CPU.Build.0 = Debug|Any CPU
		{82E56091-DD33-4F8D-A9D9-8948F3D6F820}.Release|Any CPU.ActiveCfg = Release|Any CPU
		{82E56091-DD33-4F8D-A9D9-8948F3D6F820}.Release|Any CPU.Build.0 = Release|Any CPU
	EndGlobalSection
	GlobalSection(SolutionProperties) = preSolution
		HideSolutionNode = FALSE
	EndGlobalSection
	GlobalSection(NestedProjects) = preSolution
		{6AA926EF-572C-46A3-93F5-10363748F148} = {3A30E5F6-BF9A-4FD7-903F-958F4789BD52}
		{167DF420-328C-4ACC-ABD0-42DBE268EFDF} = {3DE4CCC7-DAFD-4E0C-A921-C03F828D56A6}
		{96F63F2B-7D11-4D0F-A932-26C29F8E48BF} = {3A30E5F6-BF9A-4FD7-903F-958F4789BD52}
		{3CCA84F9-0680-438A-9A0D-8DBADA88B909} = {BF100410-7589-4D81-BEA0-99A6628E2220}
		{37CB4B8E-4D06-47D1-989F-67091821F96C} = {3DE4CCC7-DAFD-4E0C-A921-C03F828D56A6}
		{3C36DDEC-2BDC-4C7F-B66E-8207B125CD67} = {BF100410-7589-4D81-BEA0-99A6628E2220}
		{EB77A62A-7527-4BBE-A335-28BA901D8FB2} = {BF100410-7589-4D81-BEA0-99A6628E2220}
		{398442C7-F1E0-4164-AFB7-B1F0D8DDB1CA} = {BF100410-7589-4D81-BEA0-99A6628E2220}
		{843C0764-97CD-42EB-8934-858F95A80A7A} = {BF100410-7589-4D81-BEA0-99A6628E2220}
		{C6E1CBBB-7244-43A6-89CC-5FE0A9E51494} = {BF100410-7589-4D81-BEA0-99A6628E2220}
		{70260364-ED20-40E0-85CF-78CC97AF477C} = {BF100410-7589-4D81-BEA0-99A6628E2220}
		{B51D28D3-BC96-41EA-885F-F7BE1543D6F4} = {7C73884D-953A-4AF2-88A6-DA991CB6E6FD}
		{0BD08EBD-4F8A-4351-AFAA-EAD1677AD282} = {F43576E0-8E63-44A2-B19D-E79CEF0C7771}
		{69750CE1-63F1-4DDF-B22E-F8B40D8F16A8} = {0BD08EBD-4F8A-4351-AFAA-EAD1677AD282}
		{82E56091-DD33-4F8D-A9D9-8948F3D6F820} = {0BD08EBD-4F8A-4351-AFAA-EAD1677AD282}
	EndGlobalSection
	GlobalSection(ExtensibilityGlobals) = postSolution
		EnterpriseLibraryConfigurationToolBinariesPathV6 = packages\EnterpriseLibrary.Common.6.0.1304.0\lib\NET45;packages\EnterpriseLibrary.ExceptionHandling.6.0.1304.0\lib\NET45;packages\EnterpriseLibrary.Logging.6.0.1304.0\lib\NET45;packages\EnterpriseLibrary.ExceptionHandling.Logging.6.0.1304.0\lib\NET45;packages\EnterpriseLibrary.ExceptionHandling.WCF.6.0.1304.0\lib\NET45;packages\EnterpriseLibrary.TransientFaultHandling.6.0.1304.0\lib\portable-net45+win+wp8;packages\EnterpriseLibrary.TransientFaultHandling.Data.6.0.1304.1\lib\NET45;packages\EnterpriseLibrary.PolicyInjection.6.0.1304.0\lib\NET45;packages\EnterpriseLibrary.Validation.6.0.1304.0\lib\NET45
		EnterpriseLibraryConfigurationToolBinariesPath = packages\Unity.2.1.505.0\lib\NET35;packages\Unity.2.1.505.2\lib\NET35;packages\Unity.Interception.2.1.505.2\lib\NET35;packages\EnterpriseLibrary.Common.5.0.505.0\lib\NET35;packages\EnterpriseLibrary.ExceptionHandling.5.0.505.0\lib\NET35;packages\EnterpriseLibrary.ExceptionHandling.WCF.5.0.505.0\lib\NET35;packages\EnterpriseLibrary.Logging.5.0.505.1\lib\NET35;packages\EnterpriseLibrary.ExceptionHandling.Logging.5.0.505.0\lib\NET35
	EndGlobalSection
	GlobalSection(TestCaseManagementSettings) = postSolution
		CategoryFile = DragonSpark.Framework.vsmdi
	EndGlobalSection
EndGlobal
